{
  "version": 4,
  "terraform_version": "1.1.7",
  "serial": 241,
  "lineage": "c7bbc619-33f7-9961-8b53-66d3cd64fae7",
  "outputs": {
    "comments": {
      "value": "The application URL will be unavailable for a few minutes after provisioning while the application is configured and deployed to Kubernetes",
      "type": "string"
    },
    "deploy_id": {
      "value": "v4iy",
      "type": "string"
    },
    "deployed_oke_kubernetes_version": {
      "value": "v1.22.5",
      "type": "string"
    },
    "deployed_to_region": {
      "value": "ap-hyderabad-1",
      "type": "string"
    },
    "dev": {
      "value": "Made with ❤ by Oracle Developers",
      "type": "string"
    },
    "generated_private_key_pem": {
      "value": "-----BEGIN RSA PRIVATE KEY-----\nMIIEpQIBAAKCAQEA5oL2G8N7gGQoJX5c8+CYLX/l27Akm1WfbLWVXFyJEagbrIbc\njHs2j1Nlxs0IKCKMRpaO4HEIzcqJpOb4NpWf4A+okzwuxrElwlUoyE3np1HdGEt8\nZKejp5rbI3aZVG0GQcEcijsnZHSjm6cv72Ig0F1NifIXa7mT/uXtuD0+kJlo7ekJ\nlAS55w0QI5/fXGEE5O0WepewSUclxt5yjpLw+XVSg5hFEVDCODnKCPBuxZ92w+OT\nyxovQKNoqiI7M4wSx6vVY8RP8dvzv65SMUJs12xbJKzAc6SoKdxqTq/NoWt/hnwg\nHNpZ6jNbFF2mDDwO5agKNkQfwIyKtPrwE5jTDwIDAQABAoIBAQCFKRRJF5UppzI1\n7ph93bmrVx4O2eNbxIuzPfaJg38/LvDFqqaPlMIA6/l4bYsPvF1yjZj9+O5QC3eW\nRkMPLUJNKl6Ep5iR+VXJvG4xwCdZVgY1+a1jbCAzO1bqVqHezph1tbvp8qAf/O1i\nhqM/U12HYM7hKHP1LCBdeK/p5Z9V4eC6PKY4/2SpM8PCQqOi2sw6lEpzHdzJ5Qk5\n+weaB6cnSLFB4g95jG2ryuMNsdg9bqHyZIm53ZYIMZHm1lbE/FW/xevgYChoa+oX\nnv73Hg95ptUo5H4WTIF/NlfUVuxdexCEIsBAuXNYVxH06qf6r/iNzNSBwSm4UGRk\nSx4gTeABAoGBAPUOU8QA857j6RmdnPjBy+hasW5Pwdm85AVeLJDkUo5fnzIv11sO\newq2QqUCJ+4z4FdyQ3e+rpSOeSvfyinOZN/d4KdAqsGPHcrtaOxuUw/TzQadKEsI\nqtG7VUEg6khxthJg66UIR9wPWTFiHxEKWSaSmQkCSRK/fBM3ZDjrz7ABAoGBAPDO\nWeRjOo7394YZc9wNSD3D+7ISIAYdC+IhpvoyajFlD4LZ9JtOCPGZEux3PB5BdofK\nYHH2gLc53bt48vInHlJ/XPMXBBoft2MlbAZDDZy6HjuPNUUSS8KDVCl98xBZ2J2P\nkcNO4CihAEVoISleXOXdWd7oyktHQJ7XI+wLXYMPAoGAeXP1XiJem/Q3FkQAhWV/\nSxSP9a0/1UuB84seKV2P8RJBU11UrcN6he+ZDjEIW02Ita5i89kkq2oFchJDHv81\nDaLo8dviBXaJ/IY3x15Senitl8aSLsYH61SeR14p32fEJk203KFDBDTzLr+DyC1J\nzA1CHa3tS4Zt1xRP7soosAECgYEA621DM2fUE3zY8bEmtcgCjehyxji0OGXjfVTb\nVBc//UTJsmt2mvPjCJlYh/lWvFnSEZZJToHqe7hGUQhBtX+LRKqibENfTk8d0v/+\nKe0afNT1w9MSCJKHoQcWnG432g+NGRYJM0KFIxOtGS5h5XkNJ+qN98HuLUTfJ6w8\nwYSnCv8CgYEA3NQvYYPEfLoXtB/BH5J+cMbvfoSVkZdtk64xobAlGFOkaf6ViJ8e\nwqNwqoHBOA7s9MSV8cBILovC5Hy8Iy8l1btOhjwZW+h6uWNLwxow8s93E4rUc5iH\nx3sIz8B56Cb39CoymECJxIoUHbMMg9R8lIuoJnEPO0FgYF2h76Qvgmg=\n-----END RSA PRIVATE KEY-----\n",
      "type": "string",
      "sensitive": true
    },
    "kubeconfig_for_kubectl": {
      "value": "export KUBECONFIG=./generated/kubeconfig",
      "type": "string"
    }
  },
  "resources": [
    {
      "mode": "data",
      "type": "oci_containerengine_cluster_kube_config",
      "name": "oke_cluster_kube_config",
      "provider": "provider[\"registry.terraform.io/hashicorp/oci\"]",
      "instances": [
        {
          "schema_version": 0,
          "attributes": {
            "cluster_id": "ocid1.cluster.oc1.ap-hyderabad-1.aaaaaaaajopuwmf7pfbw55mp5cxivk2y2kftswt3sv42ouklxcmjchsmfg5a",
            "content": "---\napiVersion: v1\nkind: \"\"\nclusters:\n- name: cluster-cmjchsmfg5a\n  cluster:\n    server: https://144.24.131.135:6443\n    certificate-authority-data: LS0tLS1CRUdJTiBDRVJUSUZJQ0FURS0tLS0tCk1JSURpVENDQW5HZ0F3SUJBZ0lSQUpoMkI0bjluMTNMK0RSVktMa0xDT2t3RFFZSktvWklodmNOQVFFTEJRQXcKWGpFUE1BMEdBMVVFQXd3R1N6aHpJRU5CTVFzd0NRWURWUVFHRXdKVlV6RVBNQTBHQTFVRUJ3d0dRWFZ6ZEdsdQpNUTh3RFFZRFZRUUtEQVpQY21GamJHVXhEREFLQmdOVkJBc01BMDlqYVRFT01Bd0dBMVVFQ0F3RlZHVjRZWE13CkhoY05Nakl3TWpJMk1EVXhNVFEzV2hjTk1qY3dNakkyTURVeE1UUTNXakJlTVE4d0RRWURWUVFEREFaTE9ITWcKUTBFeEN6QUpCZ05WQkFZVEFsVlRNUTh3RFFZRFZRUUhEQVpCZFhOMGFXNHhEekFOQmdOVkJBb01Cazl5WVdOcwpaVEVNTUFvR0ExVUVDd3dEVDJOcE1RNHdEQVlEVlFRSURBVlVaWGhoY3pDQ0FTSXdEUVlKS29aSWh2Y05BUUVCCkJRQURnZ0VQQURDQ0FRb0NnZ0VCQUo3SWtXRW4xNXBXUm9LUmRTVXZSN2NGNStnSytIc3RNRGVOKzlEMm1NdVYKcm1EUHNJOTZLbmNTdVdFaG5JYjlPT1lXalQvWkEyVjh0bXFldVVFRXQyWWRQTDg3bml3VHFYWHUyUG9UR3Zqawpxc3RqSWhaYUw0OU83MnlNSEgwR1hGVWU0SjUxSnFaeUZxM3J1NjFqeXh1d3R5UXZxcHdiNzdqSERjM245UzY1Ck1WeTVzSnFvNlUxeGtGKytDYU9SMmx5S2RBa1QwYlkyRnBESlNVTW9paDhIQzkySEFTUHlCUE8vTmtOQ2NVK0EKcEIvWGdMNHNjYjdUUm01NXdFcWt1cXRKQ2NYTTF4MGliNllxbzh4emxkUjdEay9YWlQvM3hhZXl0U2pNTXhlagp6emlyaHAvRGJmRkdHVWwrQ1FyTXNoL25ibU1XSGFYcU90K1djSWVBbDRrQ0F3RUFBYU5DTUVBd0R3WURWUjBUCkFRSC9CQVV3QXdFQi96QU9CZ05WSFE4QkFmOEVCQU1DQVFZd0hRWURWUjBPQkJZRUZMakZYQnM0M3o2UHJIa2EKUGpUbThaWXNKb0w4TUEwR0NTcUdTSWIzRFFFQkN3VUFBNElCQVFBakhvM2E5cjY1VUlyZkpuUW85SDZlYTJwYgp0TGJXMXVXcERiKzVQbW5BRXlZbUsvQkZXYnB3SlZQSEY4M243MkZsYVZ6cGtPNFlDOWFqb3YxQWNMK1hSa1ByCkkyNGR5RFd0dWR6SFFRUDY2Z3d1aXNNMVRIc3NOQmxIaExvK2NBQTJLZVB1T2hkNVFPVjZXcmtlWkpjc2xWd2YKcXpKc2tSWEN5SGFSVkxhVHZLUXBOR09sWEo0T2YwdTA3dVhoeDhVb2hXN2hGMVJRaGZLNXJoWml4bGZBQWk4UApodExKbWJoOVBkUmo1bE1CZXk4U2QxVURzbVFQaHdWc0FQaVB4VXphWTUvbVAxckRycE1kMGdGUUZ6ODJ3M3R3CnJCeFhIa2NiTWhGQmhkUi9wenRJcEpPcTZ6eGIzb0JEaEM2TkxqbjZnZm5tdDhYTE9PUTdmZ2JPRG05MwotLS0tLUVORCBDRVJUSUZJQ0FURS0tLS0tCg==\nusers:\n- name: user-cmjchsmfg5a\n  user:\n    exec:\n      apiVersion: client.authentication.k8s.io/v1beta1\n      command: oci\n      args:\n      - ce\n      - cluster\n      - generate-token\n      - --cluster-id\n      - ocid1.cluster.oc1.ap-hyderabad-1.aaaaaaaajopuwmf7pfbw55mp5cxivk2y2kftswt3sv42ouklxcmjchsmfg5a\n      - --region\n      - ap-hyderabad-1\n      env: []\ncontexts:\n- name: context-cmjchsmfg5a\n  context:\n    cluster: cluster-cmjchsmfg5a\n    user: user-cmjchsmfg5a\ncurrent-context: context-cmjchsmfg5a\n",
            "endpoint": null,
            "expiration": null,
            "id": "ContainerengineClusterKubeConfigDataSource-3242268591",
            "token_version": null
          },
          "sensitive_attributes": []
        }
      ]
    },
    {
      "mode": "data",
      "type": "oci_containerengine_cluster_option",
      "name": "oke",
      "provider": "provider[\"registry.terraform.io/hashicorp/oci\"]",
      "instances": [
        {
          "schema_version": 0,
          "attributes": {
            "cluster_option_id": "all",
            "compartment_id": null,
            "id": "ContainerengineClusterOptionDataSource-1870923232",
            "kubernetes_versions": [
              "v1.20.8",
              "v1.20.11",
              "v1.21.5",
              "v1.22.5"
            ]
          },
          "sensitive_attributes": []
        }
      ]
    },
    {
      "mode": "data",
      "type": "oci_containerengine_node_pool_option",
      "name": "oke",
      "provider": "provider[\"registry.terraform.io/hashicorp/oci\"]",
      "instances": [
        {
          "schema_version": 0,
          "attributes": {
            "compartment_id": null,
            "id": "ContainerengineNodePoolOptionDataSource-1870923232",
            "images": [],
            "kubernetes_versions": [
              "v1.20.8",
              "v1.20.11",
              "v1.21.5",
              "v1.22.5"
            ],
            "node_pool_option_id": "all",
            "shapes": [
              "BM.Standard.A1.160",
              "BM.Standard.E2.64",
              "BM.Standard.E3.128",
              "BM.Standard.E4.128",
              "BM.Standard2.52",
              "BM.Standard3.64",
              "VM.Standard.A1.Flex",
              "VM.Standard.E2.1",
              "VM.Standard.E2.2",
              "VM.Standard.E2.4",
              "VM.Standard.E2.8",
              "VM.Standard.E3.Flex",
              "VM.Standard.E4.Flex",
              "VM.Standard2.1",
              "VM.Standard2.16",
              "VM.Standard2.2",
              "VM.Standard2.24",
              "VM.Standard2.4",
              "VM.Standard2.8",
              "VM.Standard3.Flex"
            ],
            "sources": [
              {
                "image_id": "ocid1.image.oc1.ap-hyderabad-1.aaaaaaaavoxmdk56czu4iqd33fyurdahemusf4wv6yjazjxiwxsvks6mx3xq",
                "source_name": "Oracle-Linux-8.5-aarch64-2022.04.04-0",
                "source_type": "IMAGE"
              },
              {
                "image_id": "ocid1.image.oc1.ap-hyderabad-1.aaaaaaaabkjmp6vlzjjz5uqcll6k2q22xmdx6r7jr4ehmhwqvwifrcse6diq",
                "source_name": "Oracle-Linux-8.5-aarch64-2022.03.17-1",
                "source_type": "IMAGE"
              },
              {
                "image_id": "ocid1.image.oc1.ap-hyderabad-1.aaaaaaaayfy5x23st657wvbpzqecpvhlaj456yguxkci5w4zo5czmdt3arfq",
                "source_name": "Oracle-Linux-8.5-aarch64-2022.01.27-0",
                "source_type": "IMAGE"
              },
              {
                "image_id": "ocid1.image.oc1.ap-hyderabad-1.aaaaaaaa6ixxzdauyu2wvn2dyd5nyyovfgpvmo272usysdc4bxoi5igiu7fa",
                "source_name": "Oracle-Linux-8.5-Gen2-GPU-2022.04.05-0",
                "source_type": "IMAGE"
              },
              {
                "image_id": "ocid1.image.oc1.ap-hyderabad-1.aaaaaaaaqicg5kadmldvpj3jjk6mulw24c5xjz5jkvdjcq6bdv7lz62lvhuq",
                "source_name": "Oracle-Linux-8.5-Gen2-GPU-2022.02.25-0",
                "source_type": "IMAGE"
              },
              {
                "image_id": "ocid1.image.oc1.ap-hyderabad-1.aaaaaaaai7eburlvn75nerekcnusl6gpjabnqrby5im56pukv2pegfyu4ttq",
                "source_name": "Oracle-Linux-8.5-Gen2-GPU-2021.12.14-0",
                "source_type": "IMAGE"
              },
              {
                "image_id": "ocid1.image.oc1.ap-hyderabad-1.aaaaaaaabr557c6ur2l5dqvr3vbd3uqdzs2bm5j3h5f6d6djyynwhe5bk4mq",
                "source_name": "Oracle-Linux-8.5-2022.04.04-0",
                "source_type": "IMAGE"
              },
              {
                "image_id": "ocid1.image.oc1.ap-hyderabad-1.aaaaaaaap6rdaqb6iumopf2myl3dacgdp23qhpfjm536we4qkhrm7buqu2jq",
                "source_name": "Oracle-Linux-8.5-2022.02.25-0",
                "source_type": "IMAGE"
              },
              {
                "image_id": "ocid1.image.oc1.ap-hyderabad-1.aaaaaaaajb2j4kk5jyeb2rk3suvsbekmdkopyggffotlmtiiitik5qyyfngq",
                "source_name": "Oracle-Linux-8.5-2022.01.24-0",
                "source_type": "IMAGE"
              },
              {
                "image_id": "ocid1.image.oc1.ap-hyderabad-1.aaaaaaaamtu6ijxukxmghnqywvwksqwmkuoeea7hjf6r5t4mvv7f5h3qgjka",
                "source_name": "Oracle-Linux-7.9-aarch64-2022.04.04-0",
                "source_type": "IMAGE"
              },
              {
                "image_id": "ocid1.image.oc1.ap-hyderabad-1.aaaaaaaanf7yiw523ezay5rplvhnugpar4qfmnh2a2v7jzuexr7qgznhodka",
                "source_name": "Oracle-Linux-7.9-aarch64-2022.02.25-0",
                "source_type": "IMAGE"
              },
              {
                "image_id": "ocid1.image.oc1.ap-hyderabad-1.aaaaaaaaavxidgjcauoqglb6dcrgltw5nvhykvlsdcso4xc5exbsrv36smaq",
                "source_name": "Oracle-Linux-7.9-aarch64-2022.01.25-0",
                "source_type": "IMAGE"
              },
              {
                "image_id": "ocid1.image.oc1.ap-hyderabad-1.aaaaaaaaiohfajkthdphtt2t3h7nkume5hn3rin2pkbx63lgdvec52k27fha",
                "source_name": "Oracle-Linux-7.9-Gen2-GPU-2022.04.04-0",
                "source_type": "IMAGE"
              },
              {
                "image_id": "ocid1.image.oc1.ap-hyderabad-1.aaaaaaaa6nxpddpsf57xekx6jmzlldhxxsqx4blr7etzdejp63prcs6adt3a",
                "source_name": "Oracle-Linux-7.9-Gen2-GPU-2022.02.25-0",
                "source_type": "IMAGE"
              },
              {
                "image_id": "ocid1.image.oc1.ap-hyderabad-1.aaaaaaaatjjj6spkz4squewrf5qj7ysva22n3zomd2vz6vvc2eslpnchcvmq",
                "source_name": "Oracle-Linux-7.9-Gen2-GPU-2021.12.14-0",
                "source_type": "IMAGE"
              },
              {
                "image_id": "ocid1.image.oc1.ap-hyderabad-1.aaaaaaaatv3wqh5rlumjbvsxictiedqqzso2dt3ieemkbrum5ibudy7qotaq",
                "source_name": "Oracle-Linux-7.9-2022.04.04-0",
                "source_type": "IMAGE"
              },
              {
                "image_id": "ocid1.image.oc1.ap-hyderabad-1.aaaaaaaaiu2nndms7shqu2jwd4z4va5y3x4y5yz5v6vlpkx73bugcisbafna",
                "source_name": "Oracle-Linux-7.9-2022.02.25-0",
                "source_type": "IMAGE"
              },
              {
                "image_id": "ocid1.image.oc1.ap-hyderabad-1.aaaaaaaagwenx7enys6g3eoo52d5mjkaplulbzdxx3kmtdokjw3violioxlq",
                "source_name": "Oracle-Linux-7.9-2022.01.24-0",
                "source_type": "IMAGE"
              }
            ]
          },
          "sensitive_attributes": []
        }
      ]
    },
    {
      "mode": "data",
      "type": "oci_core_images",
      "name": "node_pool_images",
      "provider": "provider[\"registry.terraform.io/hashicorp/oci\"]",
      "instances": [
        {
          "schema_version": 0,
          "attributes": {
            "compartment_id": "ocid1.compartment.oc1..aaaaaaaai5kbn7vkcpxadias6cbwr2abzq5dkdye5ewpylsjxzo2ajcayb4q",
            "display_name": null,
            "filter": null,
            "id": "CoreImagesDataSource-4274310608",
            "images": [
              {
                "agent_features": [],
                "base_image_id": "",
                "billable_size_in_gbs": "4",
                "compartment_id": "",
                "create_image_allowed": true,
                "defined_tags": {},
                "display_name": "Oracle-Linux-7.9-2022.04.04-0",
                "freeform_tags": {},
                "id": "ocid1.image.oc1.ap-hyderabad-1.aaaaaaaatv3wqh5rlumjbvsxictiedqqzso2dt3ieemkbrum5ibudy7qotaq",
                "image_source_details": [],
                "instance_id": "",
                "launch_mode": "NATIVE",
                "launch_options": [
                  {
                    "boot_volume_type": "PARAVIRTUALIZED",
                    "firmware": "UEFI_64",
                    "is_consistent_volume_naming_enabled": true,
                    "is_pv_encryption_in_transit_enabled": true,
                    "network_type": "PARAVIRTUALIZED",
                    "remote_data_volume_type": "PARAVIRTUALIZED"
                  }
                ],
                "listing_type": "",
                "operating_system": "Oracle Linux",
                "operating_system_version": "7.9",
                "size_in_mbs": "47694",
                "state": "AVAILABLE",
                "time_created": "2022-04-08 18:46:25.18 +0000 UTC"
              },
              {
                "agent_features": [],
                "base_image_id": "",
                "billable_size_in_gbs": "3",
                "compartment_id": "",
                "create_image_allowed": true,
                "defined_tags": {},
                "display_name": "Oracle-Linux-7.9-2022.02.25-0",
                "freeform_tags": {},
                "id": "ocid1.image.oc1.ap-hyderabad-1.aaaaaaaaiu2nndms7shqu2jwd4z4va5y3x4y5yz5v6vlpkx73bugcisbafna",
                "image_source_details": [],
                "instance_id": "",
                "launch_mode": "NATIVE",
                "launch_options": [
                  {
                    "boot_volume_type": "PARAVIRTUALIZED",
                    "firmware": "UEFI_64",
                    "is_consistent_volume_naming_enabled": true,
                    "is_pv_encryption_in_transit_enabled": true,
                    "network_type": "PARAVIRTUALIZED",
                    "remote_data_volume_type": "PARAVIRTUALIZED"
                  }
                ],
                "listing_type": "",
                "operating_system": "Oracle Linux",
                "operating_system_version": "7.9",
                "size_in_mbs": "47694",
                "state": "AVAILABLE",
                "time_created": "2022-03-02 21:27:17.821 +0000 UTC"
              },
              {
                "agent_features": [],
                "base_image_id": "",
                "billable_size_in_gbs": "3",
                "compartment_id": "",
                "create_image_allowed": true,
                "defined_tags": {},
                "display_name": "Oracle-Linux-7.9-2022.01.24-0",
                "freeform_tags": {},
                "id": "ocid1.image.oc1.ap-hyderabad-1.aaaaaaaagwenx7enys6g3eoo52d5mjkaplulbzdxx3kmtdokjw3violioxlq",
                "image_source_details": [],
                "instance_id": "",
                "launch_mode": "NATIVE",
                "launch_options": [
                  {
                    "boot_volume_type": "PARAVIRTUALIZED",
                    "firmware": "UEFI_64",
                    "is_consistent_volume_naming_enabled": true,
                    "is_pv_encryption_in_transit_enabled": true,
                    "network_type": "PARAVIRTUALIZED",
                    "remote_data_volume_type": "PARAVIRTUALIZED"
                  }
                ],
                "listing_type": "",
                "operating_system": "Oracle Linux",
                "operating_system_version": "7.9",
                "size_in_mbs": "47694",
                "state": "AVAILABLE",
                "time_created": "2022-01-31 16:43:15.387 +0000 UTC"
              }
            ],
            "operating_system": "Oracle Linux",
            "operating_system_version": "7.9",
            "shape": "VM.Standard.E3.Flex",
            "sort_by": "TIMECREATED",
            "sort_order": "DESC",
            "state": null
          },
          "sensitive_attributes": []
        }
      ]
    },
    {
      "mode": "data",
      "type": "oci_core_services",
      "name": "all_services",
      "provider": "provider[\"registry.terraform.io/hashicorp/oci\"]",
      "instances": [
        {
          "schema_version": 0,
          "attributes": {
            "filter": [
              {
                "name": "name",
                "regex": true,
                "values": [
                  "All .* Services In Oracle Services Network"
                ]
              }
            ],
            "id": "CoreServicesDataSource-0",
            "services": [
              {
                "cidr_block": "all-hyd-services-in-oracle-services-network",
                "description": "All HYD Services In Oracle Services Network",
                "id": "ocid1.service.oc1.ap-hyderabad-1.aaaaaaaat7bymq4rbvqwdxtr52xmwkhht6clcgjbirt3bzvw5r2baeuppfmq",
                "name": "All HYD Services In Oracle Services Network"
              }
            ]
          },
          "sensitive_attributes": []
        }
      ]
    },
    {
      "mode": "data",
      "type": "oci_identity_availability_domains",
      "name": "ADs",
      "provider": "provider[\"registry.terraform.io/hashicorp/oci\"]",
      "instances": [
        {
          "schema_version": 0,
          "attributes": {
            "availability_domains": [
              {
                "compartment_id": "ocid1.tenancy.oc1..aaaaaaaasu7rvefmsyk5kqczfmdqi5clpddejfjk2attdqnk6sbk72wajq5q",
                "id": "ocid1.availabilitydomain.oc1..aaaaaaaaudalteydacaoxnhwwi3nguelck32h66itn6wztq4akomwt7cxmzq",
                "name": "Qhab:AP-HYDERABAD-1-AD-1"
              }
            ],
            "compartment_id": "ocid1.tenancy.oc1..aaaaaaaasu7rvefmsyk5kqczfmdqi5clpddejfjk2attdqnk6sbk72wajq5q",
            "filter": null,
            "id": "IdentityAvailabilityDomainsDataSource-3575211406"
          },
          "sensitive_attributes": []
        }
      ]
    },
    {
      "mode": "data",
      "type": "oci_identity_regions",
      "name": "current_region",
      "provider": "provider[\"registry.terraform.io/hashicorp/oci\"].current_region",
      "instances": [
        {
          "schema_version": 0,
          "attributes": {
            "filter": [
              {
                "name": "name",
                "regex": false,
                "values": [
                  "ap-hyderabad-1"
                ]
              }
            ],
            "id": "IdentityRegionsDataSource-0",
            "regions": [
              {
                "key": "HYD",
                "name": "ap-hyderabad-1"
              }
            ]
          },
          "sensitive_attributes": []
        }
      ]
    },
    {
      "mode": "data",
      "type": "oci_identity_regions",
      "name": "home_region",
      "provider": "provider[\"registry.terraform.io/hashicorp/oci\"].current_region",
      "instances": [
        {
          "schema_version": 0,
          "attributes": {
            "filter": [
              {
                "name": "key",
                "regex": false,
                "values": [
                  "IAD"
                ]
              }
            ],
            "id": "IdentityRegionsDataSource-0",
            "regions": [
              {
                "key": "IAD",
                "name": "us-ashburn-1"
              }
            ]
          },
          "sensitive_attributes": []
        }
      ]
    },
    {
      "mode": "data",
      "type": "oci_identity_tenancy",
      "name": "tenant_details",
      "provider": "provider[\"registry.terraform.io/hashicorp/oci\"].current_region",
      "instances": [
        {
          "schema_version": 0,
          "attributes": {
            "defined_tags": {
              "OracleInternalReserved.CostCenter": "607695",
              "OracleInternalReserved.OwnerEmail": "fahd.abidi@oracle.com",
              "OracleInternalReserved.ServiceType": "PaaS",
              "OracleInternalReserved.UsageType": "development"
            },
            "description": "Test tenancy for Fahd Abidi",
            "freeform_tags": {},
            "home_region_key": "IAD",
            "id": "ocid1.tenancy.oc1..aaaaaaaasu7rvefmsyk5kqczfmdqi5clpddejfjk2attdqnk6sbk72wajq5q",
            "name": "fahdabidiroottenancy",
            "tenancy_id": "ocid1.tenancy.oc1..aaaaaaaasu7rvefmsyk5kqczfmdqi5clpddejfjk2attdqnk6sbk72wajq5q",
            "upi_idcs_compatibility_layer_endpoint": null
          },
          "sensitive_attributes": []
        }
      ]
    },
    {
      "mode": "data",
      "type": "oci_objectstorage_namespace",
      "name": "ns",
      "provider": "provider[\"registry.terraform.io/hashicorp/oci\"]",
      "instances": [
        {
          "schema_version": 0,
          "attributes": {
            "compartment_id": "ocid1.compartment.oc1..aaaaaaaai5kbn7vkcpxadias6cbwr2abzq5dkdye5ewpylsjxzo2ajcayb4q",
            "id": "ObjectStorageNamespaceDataSource-2876918788",
            "namespace": "fahdabidiroottenancy"
          },
          "sensitive_attributes": []
        }
      ]
    },
    {
      "mode": "managed",
      "type": "local_file",
      "name": "kubeconfig",
      "provider": "provider[\"registry.terraform.io/hashicorp/local\"]",
      "instances": [
        {
          "schema_version": 0,
          "attributes": {
            "content": "---\napiVersion: v1\nkind: \"\"\nclusters:\n- name: cluster-cmjchsmfg5a\n  cluster:\n    server: https://144.24.131.135:6443\n    certificate-authority-data: LS0tLS1CRUdJTiBDRVJUSUZJQ0FURS0tLS0tCk1JSURpVENDQW5HZ0F3SUJBZ0lSQUpoMkI0bjluMTNMK0RSVktMa0xDT2t3RFFZSktvWklodmNOQVFFTEJRQXcKWGpFUE1BMEdBMVVFQXd3R1N6aHpJRU5CTVFzd0NRWURWUVFHRXdKVlV6RVBNQTBHQTFVRUJ3d0dRWFZ6ZEdsdQpNUTh3RFFZRFZRUUtEQVpQY21GamJHVXhEREFLQmdOVkJBc01BMDlqYVRFT01Bd0dBMVVFQ0F3RlZHVjRZWE13CkhoY05Nakl3TWpJMk1EVXhNVFEzV2hjTk1qY3dNakkyTURVeE1UUTNXakJlTVE4d0RRWURWUVFEREFaTE9ITWcKUTBFeEN6QUpCZ05WQkFZVEFsVlRNUTh3RFFZRFZRUUhEQVpCZFhOMGFXNHhEekFOQmdOVkJBb01Cazl5WVdOcwpaVEVNTUFvR0ExVUVDd3dEVDJOcE1RNHdEQVlEVlFRSURBVlVaWGhoY3pDQ0FTSXdEUVlKS29aSWh2Y05BUUVCCkJRQURnZ0VQQURDQ0FRb0NnZ0VCQUo3SWtXRW4xNXBXUm9LUmRTVXZSN2NGNStnSytIc3RNRGVOKzlEMm1NdVYKcm1EUHNJOTZLbmNTdVdFaG5JYjlPT1lXalQvWkEyVjh0bXFldVVFRXQyWWRQTDg3bml3VHFYWHUyUG9UR3Zqawpxc3RqSWhaYUw0OU83MnlNSEgwR1hGVWU0SjUxSnFaeUZxM3J1NjFqeXh1d3R5UXZxcHdiNzdqSERjM245UzY1Ck1WeTVzSnFvNlUxeGtGKytDYU9SMmx5S2RBa1QwYlkyRnBESlNVTW9paDhIQzkySEFTUHlCUE8vTmtOQ2NVK0EKcEIvWGdMNHNjYjdUUm01NXdFcWt1cXRKQ2NYTTF4MGliNllxbzh4emxkUjdEay9YWlQvM3hhZXl0U2pNTXhlagp6emlyaHAvRGJmRkdHVWwrQ1FyTXNoL25ibU1XSGFYcU90K1djSWVBbDRrQ0F3RUFBYU5DTUVBd0R3WURWUjBUCkFRSC9CQVV3QXdFQi96QU9CZ05WSFE4QkFmOEVCQU1DQVFZd0hRWURWUjBPQkJZRUZMakZYQnM0M3o2UHJIa2EKUGpUbThaWXNKb0w4TUEwR0NTcUdTSWIzRFFFQkN3VUFBNElCQVFBakhvM2E5cjY1VUlyZkpuUW85SDZlYTJwYgp0TGJXMXVXcERiKzVQbW5BRXlZbUsvQkZXYnB3SlZQSEY4M243MkZsYVZ6cGtPNFlDOWFqb3YxQWNMK1hSa1ByCkkyNGR5RFd0dWR6SFFRUDY2Z3d1aXNNMVRIc3NOQmxIaExvK2NBQTJLZVB1T2hkNVFPVjZXcmtlWkpjc2xWd2YKcXpKc2tSWEN5SGFSVkxhVHZLUXBOR09sWEo0T2YwdTA3dVhoeDhVb2hXN2hGMVJRaGZLNXJoWml4bGZBQWk4UApodExKbWJoOVBkUmo1bE1CZXk4U2QxVURzbVFQaHdWc0FQaVB4VXphWTUvbVAxckRycE1kMGdGUUZ6ODJ3M3R3CnJCeFhIa2NiTWhGQmhkUi9wenRJcEpPcTZ6eGIzb0JEaEM2TkxqbjZnZm5tdDhYTE9PUTdmZ2JPRG05MwotLS0tLUVORCBDRVJUSUZJQ0FURS0tLS0tCg==\nusers:\n- name: user-cmjchsmfg5a\n  user:\n    exec:\n      apiVersion: client.authentication.k8s.io/v1beta1\n      command: oci\n      args:\n      - ce\n      - cluster\n      - generate-token\n      - --cluster-id\n      - ocid1.cluster.oc1.ap-hyderabad-1.aaaaaaaajopuwmf7pfbw55mp5cxivk2y2kftswt3sv42ouklxcmjchsmfg5a\n      - --region\n      - ap-hyderabad-1\n      env: []\ncontexts:\n- name: context-cmjchsmfg5a\n  context:\n    cluster: cluster-cmjchsmfg5a\n    user: user-cmjchsmfg5a\ncurrent-context: context-cmjchsmfg5a\n",
            "content_base64": null,
            "directory_permission": "0777",
            "file_permission": "0777",
            "filename": "generated/kubeconfig",
            "id": "bf28412983a5e566be9fccfd3ddfb35a7a019c6b",
            "sensitive_content": null,
            "source": null
          },
          "sensitive_attributes": [],
          "private": "bnVsbA==",
          "dependencies": [
            "data.oci_containerengine_cluster_kube_config.oke_cluster_kube_config",
            "data.oci_containerengine_cluster_option.oke",
            "data.oci_core_services.all_services",
            "data.oci_identity_regions.home_region",
            "data.oci_identity_tenancy.tenant_details",
            "module.oci-oke.data.oci_core_services.AllOCIServices",
            "module.oci-oke.oci_containerengine_cluster.oci_oke_cluster",
            "module.oci-oke.oci_core_internet_gateway.oke_igw",
            "module.oci-oke.oci_core_nat_gateway.oke_natgw",
            "module.oci-oke.oci_core_route_table.oke_rt_via_igw",
            "module.oci-oke.oci_core_route_table.oke_rt_via_natgw_and_sg",
            "module.oci-oke.oci_core_security_list.oke_api_endpoint_subnet_sec_list",
            "module.oci-oke.oci_core_service_gateway.oke_sg",
            "module.oci-oke.oci_core_subnet.oke_api_endpoint_subnet",
            "module.oci-oke.oci_core_subnet.oke_lb_subnet",
            "module.oci-oke.oci_core_vcn.oke_vcn",
            "oci_core_internet_gateway.oke_internet_gateway",
            "oci_core_nat_gateway.oke_nat_gateway",
            "oci_core_route_table.oke_private_route_table",
            "oci_core_route_table.oke_public_route_table",
            "oci_core_security_list.oke_endpoint_security_list",
            "oci_core_security_list.oke_lb_security_list",
            "oci_core_service_gateway.oke_service_gateway",
            "oci_core_subnet.oke_k8s_endpoint_subnet",
            "oci_core_subnet.oke_lb_subnet",
            "oci_core_virtual_network.oke_vcn",
            "oci_identity_tag.ArchitectureCenterTag",
            "oci_identity_tag_namespace.ArchitectureCenterTagNamespace",
            "random_id.tag",
            "random_string.deploy_id"
          ]
        }
      ]
    },
    {
      "mode": "managed",
      "type": "null_resource",
      "name": "clonefromgithub",
      "provider": "provider[\"registry.terraform.io/hashicorp/null\"]",
      "instances": [
        {
          "schema_version": 0,
          "attributes": {
            "id": "8956627945008337229",
            "triggers": null
          },
          "sensitive_attributes": [],
          "private": "bnVsbA=="
        }
      ]
    },
    {
      "mode": "managed",
      "type": "null_resource",
      "name": "clonerepo",
      "provider": "provider[\"registry.terraform.io/hashicorp/null\"]",
      "instances": [
        {
          "schema_version": 0,
          "attributes": {
            "id": "1056982144514103455",
            "triggers": null
          },
          "sensitive_attributes": [],
          "private": "bnVsbA==",
          "dependencies": [
            "data.oci_identity_regions.home_region",
            "data.oci_identity_tenancy.tenant_details",
            "data.oci_objectstorage_namespace.ns",
            "oci_devops_project.test_project",
            "oci_devops_repository.test_repository",
            "oci_identity_tag.ArchitectureCenterTag",
            "oci_identity_tag_namespace.ArchitectureCenterTagNamespace",
            "oci_ons_notification_topic.test_notification_topic",
            "random_id.tag",
            "random_string.deploy_id"
          ]
        }
      ]
    },
    {
      "mode": "managed",
      "type": "null_resource",
      "name": "copyfiles",
      "provider": "provider[\"registry.terraform.io/hashicorp/null\"]",
      "instances": [
        {
          "schema_version": 0,
          "attributes": {
            "id": "3923838521183542840",
            "triggers": null
          },
          "sensitive_attributes": [],
          "private": "bnVsbA==",
          "dependencies": [
            "data.oci_identity_regions.home_region",
            "data.oci_identity_tenancy.tenant_details",
            "data.oci_objectstorage_namespace.ns",
            "null_resource.clonerepo",
            "oci_devops_project.test_project",
            "oci_devops_repository.test_repository",
            "oci_identity_tag.ArchitectureCenterTag",
            "oci_identity_tag_namespace.ArchitectureCenterTagNamespace",
            "oci_ons_notification_topic.test_notification_topic",
            "random_id.tag",
            "random_string.deploy_id"
          ]
        }
      ]
    },
    {
      "mode": "managed",
      "type": "null_resource",
      "name": "pushcode",
      "provider": "provider[\"registry.terraform.io/hashicorp/null\"]",
      "instances": [
        {
          "schema_version": 0,
          "attributes": {
            "id": "1671917032966726404",
            "triggers": null
          },
          "sensitive_attributes": [],
          "private": "bnVsbA==",
          "dependencies": [
            "data.oci_identity_regions.home_region",
            "data.oci_identity_tenancy.tenant_details",
            "data.oci_objectstorage_namespace.ns",
            "null_resource.clonerepo",
            "null_resource.copyfiles",
            "oci_devops_project.test_project",
            "oci_devops_repository.test_repository",
            "oci_identity_tag.ArchitectureCenterTag",
            "oci_identity_tag_namespace.ArchitectureCenterTagNamespace",
            "oci_ons_notification_topic.test_notification_topic",
            "random_id.tag",
            "random_string.deploy_id"
          ]
        }
      ]
    },
    {
      "mode": "managed",
      "type": "oci_devops_build_pipeline",
      "name": "test_build_pipeline",
      "provider": "provider[\"registry.terraform.io/hashicorp/oci\"]",
      "instances": [
        {
          "schema_version": 0,
          "attributes": {
            "build_pipeline_parameters": [
              {
                "items": [
                  {
                    "default_value": "1z-cGOkQ;aJV8tsD\u003cfzu",
                    "description": "User auth token to push helm packages.",
                    "name": "USER_AUTH_TOKEN"
                  },
                  {
                    "default_value": "fahdabidiroottenancy/AshokRCM",
                    "description": "User to push helm packages.",
                    "name": "HELM_REPO_USER"
                  },
                  {
                    "default_value": "oci://iad.ocir.io/fahdabidiroottenancy/node-helm-repo",
                    "description": "User to push helm packages.",
                    "name": "HELM_REPO_URL"
                  }
                ]
              }
            ],
            "compartment_id": "ocid1.compartment.oc1..aaaaaaaai5kbn7vkcpxadias6cbwr2abzq5dkdye5ewpylsjxzo2ajcayb4q",
            "defined_tags": {},
            "description": "Build pipeline for NodeJS express app",
            "display_name": "NodeJS-build-pipeline",
            "freeform_tags": {},
            "id": "ocid1.devopsbuildpipeline.oc1.ap-hyderabad-1.amaaaaaak56z2vqaydl5wxx6qzzvfofsfe5ok6svcvedub7dvcedf7ziejha",
            "lifecycle_details": null,
            "project_id": "ocid1.devopsproject.oc1.ap-hyderabad-1.amaaaaaak56z2vqa4u3r7d7r3fk5l6ay3h425pepjldpxn66bixooy2whyzq",
            "state": "ACTIVE",
            "system_tags": {},
            "time_created": "2022-05-04 04:27:19.912 +0000 UTC",
            "time_updated": "2022-05-04 04:27:29.107 +0000 UTC",
            "timeouts": null
          },
          "sensitive_attributes": [],
          "private": "eyJlMmJmYjczMC1lY2FhLTExZTYtOGY4OC0zNDM2M2JjN2M0YzAiOnsiY3JlYXRlIjoxMjAwMDAwMDAwMDAwLCJkZWxldGUiOjEyMDAwMDAwMDAwMDAsInVwZGF0ZSI6MTIwMDAwMDAwMDAwMH19",
          "dependencies": [
            "data.oci_identity_regions.home_region",
            "data.oci_identity_tenancy.tenant_details",
            "oci_devops_project.test_project",
            "oci_identity_tag.ArchitectureCenterTag",
            "oci_identity_tag_namespace.ArchitectureCenterTagNamespace",
            "oci_ons_notification_topic.test_notification_topic",
            "random_id.tag",
            "random_string.deploy_id"
          ]
        }
      ]
    },
    {
      "mode": "managed",
      "type": "oci_devops_build_pipeline_stage",
      "name": "test_build_pipeline_stage",
      "provider": "provider[\"registry.terraform.io/hashicorp/oci\"]",
      "instances": [
        {
          "schema_version": 0,
          "attributes": {
            "build_pipeline_id": "ocid1.devopsbuildpipeline.oc1.ap-hyderabad-1.amaaaaaak56z2vqaydl5wxx6qzzvfofsfe5ok6svcvedub7dvcedf7ziejha",
            "build_pipeline_stage_predecessor_collection": [
              {
                "items": [
                  {
                    "id": "ocid1.devopsbuildpipeline.oc1.ap-hyderabad-1.amaaaaaak56z2vqaydl5wxx6qzzvfofsfe5ok6svcvedub7dvcedf7ziejha"
                  }
                ]
              }
            ],
            "build_pipeline_stage_type": "BUILD",
            "build_source_collection": [
              {
                "items": [
                  {
                    "branch": "main",
                    "connection_id": "",
                    "connection_type": "DEVOPS_CODE_REPOSITORY",
                    "name": "node_express",
                    "repository_id": "ocid1.devopsrepository.oc1.ap-hyderabad-1.amaaaaaak56z2vqa4h5oplcgiiesrjm5ltlloimmrhnqlt7ajjnscolaiceq",
                    "repository_url": "https://devops.scmservice.ap-hyderabad-1.oci.oraclecloud.com/namespaces/fahdabidiroottenancy/projects/devops_v4iy/repositories/nodejs"
                  }
                ]
              }
            ],
            "build_spec_file": "",
            "compartment_id": "ocid1.compartment.oc1..aaaaaaaai5kbn7vkcpxadias6cbwr2abzq5dkdye5ewpylsjxzo2ajcayb4q",
            "defined_tags": {
              "ArchitectureCenter\\devops_oke-4b2c.release": "1.2.1"
            },
            "deliver_artifact_collection": [],
            "deploy_pipeline_id": null,
            "description": "",
            "display_name": "build-pipeline",
            "freeform_tags": {},
            "id": "ocid1.devopsbuildpipelinestage.oc1.ap-hyderabad-1.amaaaaaak56z2vqa5xhnsyjsuqadnzbmtvp7qomdguyhtmesuiwl355oijda",
            "image": "OL7_X86_64_STANDARD_10",
            "is_pass_all_parameters_enabled": null,
            "lifecycle_details": null,
            "primary_build_source": "node_express",
            "project_id": "ocid1.devopsproject.oc1.ap-hyderabad-1.amaaaaaak56z2vqa4u3r7d7r3fk5l6ay3h425pepjldpxn66bixooy2whyzq",
            "stage_execution_timeout_in_seconds": 36000,
            "state": "ACTIVE",
            "system_tags": {},
            "time_created": "2022-05-04 04:27:31.125 +0000 UTC",
            "time_updated": "2022-05-04 04:27:31.125 +0000 UTC",
            "timeouts": null,
            "wait_criteria": [
              {
                "wait_duration": "waitDuration",
                "wait_type": "ABSOLUTE_WAIT"
              }
            ]
          },
          "sensitive_attributes": [],
          "private": "eyJlMmJmYjczMC1lY2FhLTExZTYtOGY4OC0zNDM2M2JjN2M0YzAiOnsiY3JlYXRlIjoxMjAwMDAwMDAwMDAwLCJkZWxldGUiOjEyMDAwMDAwMDAwMDAsInVwZGF0ZSI6MTIwMDAwMDAwMDAwMH19",
          "dependencies": [
            "data.oci_identity_regions.home_region",
            "data.oci_identity_tenancy.tenant_details",
            "data.oci_objectstorage_namespace.ns",
            "oci_devops_build_pipeline.test_build_pipeline",
            "oci_devops_project.test_project",
            "oci_devops_repository.test_repository",
            "oci_identity_tag.ArchitectureCenterTag",
            "oci_identity_tag_namespace.ArchitectureCenterTagNamespace",
            "oci_ons_notification_topic.test_notification_topic",
            "random_id.tag",
            "random_string.deploy_id"
          ]
        }
      ]
    },
    {
      "mode": "managed",
      "type": "oci_devops_build_pipeline_stage",
      "name": "test_deliver_artifact_stage",
      "provider": "provider[\"registry.terraform.io/hashicorp/oci\"]",
      "instances": [
        {
          "schema_version": 0,
          "attributes": {
            "build_pipeline_id": "ocid1.devopsbuildpipeline.oc1.ap-hyderabad-1.amaaaaaak56z2vqaydl5wxx6qzzvfofsfe5ok6svcvedub7dvcedf7ziejha",
            "build_pipeline_stage_predecessor_collection": [
              {
                "items": [
                  {
                    "id": "ocid1.devopsbuildpipelinestage.oc1.ap-hyderabad-1.amaaaaaak56z2vqa5xhnsyjsuqadnzbmtvp7qomdguyhtmesuiwl355oijda"
                  }
                ]
              }
            ],
            "build_pipeline_stage_type": "DELIVER_ARTIFACT",
            "build_source_collection": null,
            "build_spec_file": null,
            "compartment_id": "ocid1.compartment.oc1..aaaaaaaai5kbn7vkcpxadias6cbwr2abzq5dkdye5ewpylsjxzo2ajcayb4q",
            "defined_tags": {
              "ArchitectureCenter\\devops_oke-4b2c.release": "1.2.1"
            },
            "deliver_artifact_collection": [
              {
                "items": [
                  {
                    "artifact_id": "ocid1.devopsdeployartifact.oc1.ap-hyderabad-1.amaaaaaak56z2vqasr4f5wsgqb2dciidgfgwld2dkn6m5adk4gvjn4turjqa",
                    "artifact_name": "output01"
                  }
                ]
              }
            ],
            "deploy_pipeline_id": null,
            "description": "",
            "display_name": "deliver-artifact",
            "freeform_tags": {},
            "id": "ocid1.devopsbuildpipelinestage.oc1.ap-hyderabad-1.amaaaaaak56z2vqatln3b4uimyec2uf6c4azxb7jtmneqgo6jywtugg63fnq",
            "image": null,
            "is_pass_all_parameters_enabled": null,
            "lifecycle_details": null,
            "primary_build_source": null,
            "project_id": "ocid1.devopsproject.oc1.ap-hyderabad-1.amaaaaaak56z2vqa4u3r7d7r3fk5l6ay3h425pepjldpxn66bixooy2whyzq",
            "stage_execution_timeout_in_seconds": null,
            "state": "ACTIVE",
            "system_tags": {},
            "time_created": "2022-05-05 01:25:07.467 +0000 UTC",
            "time_updated": "2022-05-05 01:25:07.467 +0000 UTC",
            "timeouts": null,
            "wait_criteria": null
          },
          "sensitive_attributes": [],
          "private": "eyJlMmJmYjczMC1lY2FhLTExZTYtOGY4OC0zNDM2M2JjN2M0YzAiOnsiY3JlYXRlIjoxMjAwMDAwMDAwMDAwLCJkZWxldGUiOjEyMDAwMDAwMDAwMDAsInVwZGF0ZSI6MTIwMDAwMDAwMDAwMH19",
          "dependencies": [
            "data.oci_identity_regions.home_region",
            "oci_devops_build_pipeline.test_build_pipeline",
            "oci_devops_build_pipeline_stage.test_build_pipeline_stage",
            "oci_devops_deploy_artifact.test_deploy_artifact",
            "oci_identity_tag.ArchitectureCenterTag",
            "oci_identity_tag_namespace.ArchitectureCenterTagNamespace"
          ]
        }
      ]
    },
    {
      "mode": "managed",
      "type": "oci_devops_deploy_artifact",
      "name": "test_deploy_artifact",
      "provider": "provider[\"registry.terraform.io/hashicorp/oci\"]",
      "instances": [
        {
          "schema_version": 0,
          "attributes": {
            "argument_substitution_mode": "NONE",
            "compartment_id": "ocid1.compartment.oc1..aaaaaaaai5kbn7vkcpxadias6cbwr2abzq5dkdye5ewpylsjxzo2ajcayb4q",
            "defined_tags": {
              "ArchitectureCenter\\devops_oke-4b2c.release": "1.2.1"
            },
            "deploy_artifact_source": [
              {
                "base64encoded_content": "--- \napiVersion: apps/v1\nkind: Deployment\nmetadata: \n  labels: \n    app.kubernetes.io/name: devops-nginx\n  name: nginx-deployment\nspec: \n  replicas: 5\n  selector: \n    matchLabels: \n      app.kubernetes.io/name: devops-nginx\n  template: \n    metadata: \n      labels: \n        app.kubernetes.io/name: devops-nginx\n    spec: \n      containers: \n        - name: nginx\n          image: nginx:1.20.0\n          ports: \n            - containerPort: 80\n              protocol: TCP\n              name: http\n---\napiVersion: v1\nkind: Service\nmetadata: \n  labels: \n    app.kubernetes.io/name: devops-nginx\n  name: nginx-service\n  annotations:\n    service.beta.kubernetes.io/oci-load-balancer-shape: \"flexible\"\n    service.beta.kubernetes.io/oci-load-balancer-shape-flex-min: 10\n    service.beta.kubernetes.io/oci-load-balancer-shape-flex-max: 10\nspec: \n  ports: \n    - name: http\n      port: 80\n      protocol: TCP\n      targetPort: 80\n  selector: \n    app.kubernetes.io/name: devops-nginx\n  type: LoadBalancer",
                "deploy_artifact_path": "",
                "deploy_artifact_source_type": "INLINE",
                "deploy_artifact_version": "",
                "image_digest": "",
                "image_uri": "",
                "repository_id": ""
              }
            ],
            "deploy_artifact_type": "KUBERNETES_MANIFEST",
            "description": "",
            "display_name": "devopsdeployartifact20220504042721",
            "freeform_tags": {},
            "id": "ocid1.devopsdeployartifact.oc1.ap-hyderabad-1.amaaaaaak56z2vqasr4f5wsgqb2dciidgfgwld2dkn6m5adk4gvjn4turjqa",
            "lifecycle_details": null,
            "project_id": "ocid1.devopsproject.oc1.ap-hyderabad-1.amaaaaaak56z2vqa4u3r7d7r3fk5l6ay3h425pepjldpxn66bixooy2whyzq",
            "state": "ACTIVE",
            "system_tags": {
              "orcl-cloud.free-tier-retained": "true"
            },
            "time_created": "2022-05-04 04:27:21.709 +0000 UTC",
            "time_updated": "2022-05-04 04:27:21.709 +0000 UTC",
            "timeouts": null
          },
          "sensitive_attributes": [],
          "private": "eyJlMmJmYjczMC1lY2FhLTExZTYtOGY4OC0zNDM2M2JjN2M0YzAiOnsiY3JlYXRlIjoxMjAwMDAwMDAwMDAwLCJkZWxldGUiOjEyMDAwMDAwMDAwMDAsInVwZGF0ZSI6MTIwMDAwMDAwMDAwMH19",
          "dependencies": [
            "data.oci_identity_regions.home_region",
            "data.oci_identity_tenancy.tenant_details",
            "oci_devops_project.test_project",
            "oci_identity_tag.ArchitectureCenterTag",
            "oci_identity_tag_namespace.ArchitectureCenterTagNamespace",
            "oci_ons_notification_topic.test_notification_topic",
            "random_id.tag",
            "random_string.deploy_id"
          ]
        }
      ]
    },
    {
      "mode": "managed",
      "type": "oci_devops_deploy_environment",
      "name": "test_environment",
      "provider": "provider[\"registry.terraform.io/hashicorp/oci\"]",
      "instances": [
        {
          "schema_version": 0,
          "attributes": {
            "cluster_id": "ocid1.cluster.oc1.ap-hyderabad-1.aaaaaaaajopuwmf7pfbw55mp5cxivk2y2kftswt3sv42ouklxcmjchsmfg5a",
            "compartment_id": "ocid1.compartment.oc1..aaaaaaaai5kbn7vkcpxadias6cbwr2abzq5dkdye5ewpylsjxzo2ajcayb4q",
            "compute_instance_group_selectors": [],
            "defined_tags": {
              "ArchitectureCenter\\devops_oke-4b2c.release": "1.2.1"
            },
            "deploy_environment_type": "OKE_CLUSTER",
            "description": "test oke based enviroment",
            "display_name": "test_oke_env",
            "freeform_tags": {},
            "function_id": null,
            "id": "ocid1.devopsdeployenvironment.oc1.ap-hyderabad-1.amaaaaaak56z2vqapw4ljlnveo5rnjytx6rflmcqr4lkd6dwdksyyddwnrqq",
            "lifecycle_details": "",
            "network_channel": [],
            "project_id": "ocid1.devopsproject.oc1.ap-hyderabad-1.amaaaaaak56z2vqa4u3r7d7r3fk5l6ay3h425pepjldpxn66bixooy2whyzq",
            "state": "ACTIVE",
            "system_tags": {
              "orcl-cloud.free-tier-retained": "true"
            },
            "time_created": "2022-05-04 04:27:21.906 +0000 UTC",
            "time_updated": "2022-05-04 04:27:21.906 +0000 UTC",
            "timeouts": null
          },
          "sensitive_attributes": [],
          "private": "eyJlMmJmYjczMC1lY2FhLTExZTYtOGY4OC0zNDM2M2JjN2M0YzAiOnsiY3JlYXRlIjoxMjAwMDAwMDAwMDAwLCJkZWxldGUiOjEyMDAwMDAwMDAwMDAsInVwZGF0ZSI6MTIwMDAwMDAwMDAwMH19",
          "dependencies": [
            "data.oci_containerengine_cluster_option.oke",
            "data.oci_core_services.all_services",
            "data.oci_identity_regions.home_region",
            "data.oci_identity_tenancy.tenant_details",
            "module.oci-oke.data.oci_core_services.AllOCIServices",
            "module.oci-oke.oci_containerengine_cluster.oci_oke_cluster",
            "module.oci-oke.oci_core_internet_gateway.oke_igw",
            "module.oci-oke.oci_core_nat_gateway.oke_natgw",
            "module.oci-oke.oci_core_route_table.oke_rt_via_igw",
            "module.oci-oke.oci_core_route_table.oke_rt_via_natgw_and_sg",
            "module.oci-oke.oci_core_security_list.oke_api_endpoint_subnet_sec_list",
            "module.oci-oke.oci_core_service_gateway.oke_sg",
            "module.oci-oke.oci_core_subnet.oke_api_endpoint_subnet",
            "module.oci-oke.oci_core_subnet.oke_lb_subnet",
            "module.oci-oke.oci_core_vcn.oke_vcn",
            "oci_core_internet_gateway.oke_internet_gateway",
            "oci_core_nat_gateway.oke_nat_gateway",
            "oci_core_route_table.oke_private_route_table",
            "oci_core_route_table.oke_public_route_table",
            "oci_core_security_list.oke_endpoint_security_list",
            "oci_core_security_list.oke_lb_security_list",
            "oci_core_service_gateway.oke_service_gateway",
            "oci_core_subnet.oke_k8s_endpoint_subnet",
            "oci_core_subnet.oke_lb_subnet",
            "oci_core_virtual_network.oke_vcn",
            "oci_devops_project.test_project",
            "oci_identity_tag.ArchitectureCenterTag",
            "oci_identity_tag_namespace.ArchitectureCenterTagNamespace",
            "oci_ons_notification_topic.test_notification_topic",
            "random_id.tag",
            "random_string.deploy_id"
          ]
        }
      ]
    },
    {
      "mode": "managed",
      "type": "oci_devops_deploy_pipeline",
      "name": "test_deploy_pipeline",
      "provider": "provider[\"registry.terraform.io/hashicorp/oci\"]",
      "instances": [
        {
          "schema_version": 0,
          "attributes": {
            "compartment_id": "ocid1.compartment.oc1..aaaaaaaai5kbn7vkcpxadias6cbwr2abzq5dkdye5ewpylsjxzo2ajcayb4q",
            "defined_tags": {
              "ArchitectureCenter\\devops_oke-4b2c.release": "1.2.1"
            },
            "deploy_pipeline_artifacts": [
              {
                "items": [
                  {
                    "deploy_artifact_id": "ocid1.devopsdeployartifact.oc1.ap-hyderabad-1.amaaaaaak56z2vqasr4f5wsgqb2dciidgfgwld2dkn6m5adk4gvjn4turjqa",
                    "deploy_pipeline_stages": [],
                    "display_name": "devopsdeployartifact20220504042721"
                  }
                ]
              }
            ],
            "deploy_pipeline_environments": [
              {
                "items": [
                  {
                    "deploy_environment_id": "ocid1.devopsdeployenvironment.oc1.ap-hyderabad-1.amaaaaaak56z2vqapw4ljlnveo5rnjytx6rflmcqr4lkd6dwdksyyddwnrqq",
                    "deploy_pipeline_stages": [],
                    "display_name": "test_oke_env"
                  }
                ]
              }
            ],
            "deploy_pipeline_parameters": [
              {
                "items": [
                  {
                    "default_value": "defaultValue",
                    "description": "description",
                    "name": "name"
                  }
                ]
              }
            ],
            "description": "Devops Pipleline demo for OKE",
            "display_name": "devops-oke-pipeline",
            "freeform_tags": {},
            "id": "ocid1.devopsdeploypipeline.oc1.ap-hyderabad-1.amaaaaaak56z2vqa33k3saheermphryj2ynhrvr3upgwymyfi2sjdalsp45q",
            "lifecycle_details": null,
            "project_id": "ocid1.devopsproject.oc1.ap-hyderabad-1.amaaaaaak56z2vqa4u3r7d7r3fk5l6ay3h425pepjldpxn66bixooy2whyzq",
            "state": "ACTIVE",
            "system_tags": {
              "orcl-cloud.free-tier-retained": "true"
            },
            "time_created": "2022-05-04 04:27:22.253 +0000 UTC",
            "time_updated": "2022-05-04 04:27:22.253 +0000 UTC",
            "timeouts": null
          },
          "sensitive_attributes": [],
          "private": "eyJlMmJmYjczMC1lY2FhLTExZTYtOGY4OC0zNDM2M2JjN2M0YzAiOnsiY3JlYXRlIjoxMjAwMDAwMDAwMDAwLCJkZWxldGUiOjEyMDAwMDAwMDAwMDAsInVwZGF0ZSI6MTIwMDAwMDAwMDAwMH19",
          "dependencies": [
            "data.oci_identity_regions.home_region",
            "data.oci_identity_tenancy.tenant_details",
            "oci_devops_project.test_project",
            "oci_identity_tag.ArchitectureCenterTag",
            "oci_identity_tag_namespace.ArchitectureCenterTagNamespace",
            "oci_ons_notification_topic.test_notification_topic",
            "random_id.tag",
            "random_string.deploy_id"
          ]
        }
      ]
    },
    {
      "mode": "managed",
      "type": "oci_devops_deploy_stage",
      "name": "test_deploy_stage",
      "provider": "provider[\"registry.terraform.io/hashicorp/oci\"]",
      "instances": [
        {
          "schema_version": 0,
          "attributes": {
            "approval_policy": [],
            "blue_backend_ips": [],
            "blue_green_strategy": [],
            "canary_strategy": [],
            "compartment_id": "ocid1.compartment.oc1..aaaaaaaai5kbn7vkcpxadias6cbwr2abzq5dkdye5ewpylsjxzo2ajcayb4q",
            "compute_instance_group_blue_green_deployment_deploy_stage_id": null,
            "compute_instance_group_canary_deploy_stage_id": null,
            "compute_instance_group_canary_traffic_shift_deploy_stage_id": null,
            "compute_instance_group_deploy_environment_id": null,
            "config": null,
            "defined_tags": {
              "ArchitectureCenter\\devops_oke-4b2c.release": "1.2.1"
            },
            "deploy_artifact_id": null,
            "deploy_artifact_ids": null,
            "deploy_environment_id_a": null,
            "deploy_environment_id_b": null,
            "deploy_pipeline_id": "ocid1.devopsdeploypipeline.oc1.ap-hyderabad-1.amaaaaaak56z2vqa33k3saheermphryj2ynhrvr3upgwymyfi2sjdalsp45q",
            "deploy_stage_predecessor_collection": [
              {
                "items": [
                  {
                    "id": "ocid1.devopsdeploypipeline.oc1.ap-hyderabad-1.amaaaaaak56z2vqa33k3saheermphryj2ynhrvr3upgwymyfi2sjdalsp45q"
                  }
                ]
              }
            ],
            "deploy_stage_type": "OKE_DEPLOYMENT",
            "deployment_spec_deploy_artifact_id": null,
            "description": "test deployment to OKE",
            "display_name": "deploy_OKE",
            "docker_image_deploy_artifact_id": null,
            "failure_policy": [],
            "freeform_tags": {},
            "function_deploy_environment_id": null,
            "function_timeout_in_seconds": null,
            "green_backend_ips": [],
            "id": "ocid1.devopsdeploystage.oc1.ap-hyderabad-1.amaaaaaak56z2vqah42fnhaxwgnw43xxrdqjnwt2qtnyjwxuajz4xjkgnexq",
            "is_async": null,
            "is_validation_enabled": null,
            "kubernetes_manifest_deploy_artifact_ids": [
              "ocid1.devopsdeployartifact.oc1.ap-hyderabad-1.amaaaaaak56z2vqasr4f5wsgqb2dciidgfgwld2dkn6m5adk4gvjn4turjqa"
            ],
            "lifecycle_details": null,
            "load_balancer_config": [],
            "max_memory_in_mbs": null,
            "namespace": "default",
            "oke_blue_green_deploy_stage_id": null,
            "oke_canary_deploy_stage_id": null,
            "oke_canary_traffic_shift_deploy_stage_id": null,
            "oke_cluster_deploy_environment_id": "ocid1.devopsdeployenvironment.oc1.ap-hyderabad-1.amaaaaaak56z2vqapw4ljlnveo5rnjytx6rflmcqr4lkd6dwdksyyddwnrqq",
            "production_load_balancer_config": [],
            "project_id": "ocid1.devopsproject.oc1.ap-hyderabad-1.amaaaaaak56z2vqa4u3r7d7r3fk5l6ay3h425pepjldpxn66bixooy2whyzq",
            "rollback_policy": [],
            "rollout_policy": [],
            "state": "ACTIVE",
            "system_tags": {
              "orcl-cloud.free-tier-retained": "true"
            },
            "test_load_balancer_config": [],
            "time_created": "2022-05-04 04:27:41.599 +0000 UTC",
            "time_updated": "2022-05-04 04:27:41.599 +0000 UTC",
            "timeouts": null,
            "traffic_shift_target": null,
            "wait_criteria": []
          },
          "sensitive_attributes": [],
          "private": "eyJlMmJmYjczMC1lY2FhLTExZTYtOGY4OC0zNDM2M2JjN2M0YzAiOnsiY3JlYXRlIjoxMjAwMDAwMDAwMDAwLCJkZWxldGUiOjEyMDAwMDAwMDAwMDAsInVwZGF0ZSI6MTIwMDAwMDAwMDAwMH19",
          "dependencies": [
            "data.oci_containerengine_cluster_option.oke",
            "data.oci_core_services.all_services",
            "data.oci_identity_regions.home_region",
            "data.oci_identity_tenancy.tenant_details",
            "module.oci-oke.data.oci_core_services.AllOCIServices",
            "module.oci-oke.oci_containerengine_cluster.oci_oke_cluster",
            "module.oci-oke.oci_core_internet_gateway.oke_igw",
            "module.oci-oke.oci_core_nat_gateway.oke_natgw",
            "module.oci-oke.oci_core_route_table.oke_rt_via_igw",
            "module.oci-oke.oci_core_route_table.oke_rt_via_natgw_and_sg",
            "module.oci-oke.oci_core_security_list.oke_api_endpoint_subnet_sec_list",
            "module.oci-oke.oci_core_service_gateway.oke_sg",
            "module.oci-oke.oci_core_subnet.oke_api_endpoint_subnet",
            "module.oci-oke.oci_core_subnet.oke_lb_subnet",
            "module.oci-oke.oci_core_vcn.oke_vcn",
            "oci_core_internet_gateway.oke_internet_gateway",
            "oci_core_nat_gateway.oke_nat_gateway",
            "oci_core_route_table.oke_private_route_table",
            "oci_core_route_table.oke_public_route_table",
            "oci_core_security_list.oke_endpoint_security_list",
            "oci_core_security_list.oke_lb_security_list",
            "oci_core_service_gateway.oke_service_gateway",
            "oci_core_subnet.oke_k8s_endpoint_subnet",
            "oci_core_subnet.oke_lb_subnet",
            "oci_core_virtual_network.oke_vcn",
            "oci_devops_deploy_artifact.test_deploy_artifact",
            "oci_devops_deploy_environment.test_environment",
            "oci_devops_deploy_pipeline.test_deploy_pipeline",
            "oci_devops_project.test_project",
            "oci_identity_tag.ArchitectureCenterTag",
            "oci_identity_tag_namespace.ArchitectureCenterTagNamespace",
            "oci_ons_notification_topic.test_notification_topic",
            "random_id.tag",
            "random_string.deploy_id"
          ]
        }
      ]
    },
    {
      "mode": "managed",
      "type": "oci_devops_project",
      "name": "test_project",
      "provider": "provider[\"registry.terraform.io/hashicorp/oci\"]",
      "instances": [
        {
          "schema_version": 0,
          "attributes": {
            "compartment_id": "ocid1.compartment.oc1..aaaaaaaai5kbn7vkcpxadias6cbwr2abzq5dkdye5ewpylsjxzo2ajcayb4q",
            "defined_tags": {
              "ArchitectureCenter\\devops_oke-4b2c.release": "1.2.1"
            },
            "description": "DevOps Project for OKE deployment",
            "freeform_tags": {},
            "id": "ocid1.devopsproject.oc1.ap-hyderabad-1.amaaaaaak56z2vqa4u3r7d7r3fk5l6ay3h425pepjldpxn66bixooy2whyzq",
            "lifecycle_details": null,
            "name": "devops_v4iy",
            "namespace": "fahdabidiroottenancy",
            "notification_config": [
              {
                "topic_id": "ocid1.onstopic.oc1.ap-hyderabad-1.aaaaaaaahtndu6ek7ttuk7ojoxo2k6hy6fapnlfk3syjgolhaiipboklaqwq"
              }
            ],
            "state": "ACTIVE",
            "system_tags": {
              "orcl-cloud.free-tier-retained": "true"
            },
            "time_created": "2022-05-04 04:27:18.932 +0000 UTC",
            "time_updated": "2022-05-04 04:27:22.262 +0000 UTC",
            "timeouts": null
          },
          "sensitive_attributes": [],
          "private": "eyJlMmJmYjczMC1lY2FhLTExZTYtOGY4OC0zNDM2M2JjN2M0YzAiOnsiY3JlYXRlIjoxMjAwMDAwMDAwMDAwLCJkZWxldGUiOjEyMDAwMDAwMDAwMDAsInVwZGF0ZSI6MTIwMDAwMDAwMDAwMH19",
          "dependencies": [
            "data.oci_identity_regions.home_region",
            "data.oci_identity_tenancy.tenant_details",
            "oci_identity_tag.ArchitectureCenterTag",
            "oci_identity_tag_namespace.ArchitectureCenterTagNamespace",
            "oci_ons_notification_topic.test_notification_topic",
            "random_id.tag",
            "random_string.deploy_id"
          ]
        }
      ]
    },
    {
      "mode": "managed",
      "type": "oci_devops_repository",
      "name": "test_repository",
      "provider": "provider[\"registry.terraform.io/hashicorp/oci\"]",
      "instances": [
        {
          "schema_version": 0,
          "attributes": {
            "branch_count": null,
            "commit_count": null,
            "compartment_id": "ocid1.compartment.oc1..aaaaaaaai5kbn7vkcpxadias6cbwr2abzq5dkdye5ewpylsjxzo2ajcayb4q",
            "default_branch": "refs/heads/main",
            "defined_tags": {},
            "description": "Sample node express microservice with helm",
            "freeform_tags": {},
            "http_url": "https://devops.scmservice.ap-hyderabad-1.oci.oraclecloud.com/namespaces/fahdabidiroottenancy/projects/devops_v4iy/repositories/nodejs",
            "id": "ocid1.devopsrepository.oc1.ap-hyderabad-1.amaaaaaak56z2vqa4h5oplcgiiesrjm5ltlloimmrhnqlt7ajjnscolaiceq",
            "lifecyle_details": null,
            "mirror_repository_config": [],
            "name": "nodejs",
            "namespace": "fahdabidiroottenancy",
            "project_id": "ocid1.devopsproject.oc1.ap-hyderabad-1.amaaaaaak56z2vqa4u3r7d7r3fk5l6ay3h425pepjldpxn66bixooy2whyzq",
            "project_name": "devops_v4iy",
            "repository_type": "HOSTED",
            "size_in_bytes": null,
            "ssh_url": "ssh://devops.scmservice.ap-hyderabad-1.oci.oraclecloud.com/namespaces/fahdabidiroottenancy/projects/devops_v4iy/repositories/nodejs",
            "state": "ACTIVE",
            "system_tags": {},
            "time_created": "2022-05-04 04:27:20.236 +0000 UTC",
            "time_updated": "2022-05-05 01:25:07.539 +0000 UTC",
            "timeouts": null,
            "trigger_build_events": [
              "PUSH"
            ]
          },
          "sensitive_attributes": [],
          "private": "eyJlMmJmYjczMC1lY2FhLTExZTYtOGY4OC0zNDM2M2JjN2M0YzAiOnsiY3JlYXRlIjoxMjAwMDAwMDAwMDAwLCJkZWxldGUiOjEyMDAwMDAwMDAwMDAsInVwZGF0ZSI6MTIwMDAwMDAwMDAwMH19",
          "dependencies": [
            "oci_devops_project.test_project"
          ]
        }
      ]
    },
    {
      "mode": "managed",
      "type": "oci_identity_dynamic_group",
      "name": "devops_pipln_dg",
      "provider": "provider[\"registry.terraform.io/hashicorp/oci\"].home_region",
      "instances": [
        {
          "index_key": 0,
          "schema_version": 0,
          "attributes": {
            "compartment_id": "ocid1.tenancy.oc1..aaaaaaaasu7rvefmsyk5kqczfmdqi5clpddejfjk2attdqnk6sbk72wajq5q",
            "defined_tags": {},
            "description": "DevOps DevOps Pipeline Dynamic Group",
            "freeform_tags": {},
            "id": "ocid1.dynamicgroup.oc1..aaaaaaaab7xtveptxa34uckco7xpsb4k5jrxjc7fnfwfhbuzgm56gdjlhnca",
            "inactive_state": null,
            "matching_rule": "All {resource.type = 'devopsdeploypipeline', resource.compartment.id = 'ocid1.compartment.oc1..aaaaaaaai5kbn7vkcpxadias6cbwr2abzq5dkdye5ewpylsjxzo2ajcayb4q'}",
            "name": "devops-devops-pipln-dg-v4iy",
            "state": "ACTIVE",
            "time_created": "2022-05-04 04:25:03.296 +0000 UTC",
            "timeouts": null
          },
          "sensitive_attributes": [],
          "private": "eyJlMmJmYjczMC1lY2FhLTExZTYtOGY4OC0zNDM2M2JjN2M0YzAiOnsiY3JlYXRlIjoxMjAwMDAwMDAwMDAwLCJkZWxldGUiOjEyMDAwMDAwMDAwMDAsInVwZGF0ZSI6MTIwMDAwMDAwMDAwMH19",
          "dependencies": [
            "data.oci_identity_regions.home_region",
            "data.oci_identity_tenancy.tenant_details",
            "random_string.deploy_id"
          ]
        }
      ]
    },
    {
      "mode": "managed",
      "type": "oci_identity_dynamic_group",
      "name": "oke_nodes_dg",
      "provider": "provider[\"registry.terraform.io/hashicorp/oci\"].home_region",
      "instances": [
        {
          "index_key": 0,
          "schema_version": 0,
          "attributes": {
            "compartment_id": "ocid1.tenancy.oc1..aaaaaaaasu7rvefmsyk5kqczfmdqi5clpddejfjk2attdqnk6sbk72wajq5q",
            "defined_tags": {},
            "description": "DevOps Cluster Dynamic Group",
            "freeform_tags": {},
            "id": "ocid1.dynamicgroup.oc1..aaaaaaaah5dx4qlnu7lhf2ii42xbeqw5wthcibzfq5jcvqljqd6fqmq2e4fq",
            "inactive_state": null,
            "matching_rule": "ANY {ALL {instance.compartment.id = 'ocid1.compartment.oc1..aaaaaaaai5kbn7vkcpxadias6cbwr2abzq5dkdye5ewpylsjxzo2ajcayb4q'},ALL {resource.type = 'cluster', resource.compartment.id = 'ocid1.compartment.oc1..aaaaaaaai5kbn7vkcpxadias6cbwr2abzq5dkdye5ewpylsjxzo2ajcayb4q'}}",
            "name": "devops-oke-cluster-dg-v4iy",
            "state": "ACTIVE",
            "time_created": "2022-05-04 04:25:03.522 +0000 UTC",
            "timeouts": null
          },
          "sensitive_attributes": [],
          "private": "eyJlMmJmYjczMC1lY2FhLTExZTYtOGY4OC0zNDM2M2JjN2M0YzAiOnsiY3JlYXRlIjoxMjAwMDAwMDAwMDAwLCJkZWxldGUiOjEyMDAwMDAwMDAwMDAsInVwZGF0ZSI6MTIwMDAwMDAwMDAwMH19",
          "dependencies": [
            "data.oci_identity_regions.home_region",
            "data.oci_identity_tenancy.tenant_details",
            "random_string.deploy_id"
          ]
        }
      ]
    },
    {
      "mode": "managed",
      "type": "oci_identity_policy",
      "name": "devops_compartment_policies",
      "provider": "provider[\"registry.terraform.io/hashicorp/oci\"].home_region",
      "instances": [
        {
          "index_key": 0,
          "schema_version": 0,
          "attributes": {
            "ETag": "2fa391b362ebffa89765f22a1522257b438f57e7",
            "compartment_id": "ocid1.compartment.oc1..aaaaaaaai5kbn7vkcpxadias6cbwr2abzq5dkdye5ewpylsjxzo2ajcayb4q",
            "defined_tags": {},
            "description": "DevOps DevOps Compartment Policies",
            "freeform_tags": {},
            "id": "ocid1.policy.oc1..aaaaaaaa2a3l4gwovslo5geiwcq47i6rao2723i3b57ul5zjjvna25nolx3a",
            "inactive_state": null,
            "lastUpdateETag": "2fa391b362ebffa89765f22a1522257b438f57e7",
            "name": "devops-devops-compartment-policies-v4iy",
            "policyHash": "958093eca8a515d3bd1f3ae866597c4f",
            "state": "ACTIVE",
            "statements": [
              "Allow dynamic-group devops-devops-pipln-dg-v4iy to manage all-resources in compartment id ocid1.compartment.oc1..aaaaaaaai5kbn7vkcpxadias6cbwr2abzq5dkdye5ewpylsjxzo2ajcayb4q"
            ],
            "time_created": "2022-05-04 04:25:04.088 +0000 UTC",
            "timeouts": null,
            "version_date": null
          },
          "sensitive_attributes": [],
          "private": "eyJlMmJmYjczMC1lY2FhLTExZTYtOGY4OC0zNDM2M2JjN2M0YzAiOnsiY3JlYXRlIjoxMjAwMDAwMDAwMDAwLCJkZWxldGUiOjEyMDAwMDAwMDAwMDAsInVwZGF0ZSI6MTIwMDAwMDAwMDAwMH19",
          "dependencies": [
            "data.oci_identity_regions.home_region",
            "data.oci_identity_tenancy.tenant_details",
            "oci_identity_dynamic_group.devops_pipln_dg",
            "random_string.deploy_id"
          ]
        }
      ]
    },
    {
      "mode": "managed",
      "type": "oci_identity_policy",
      "name": "oke_compartment_policies",
      "provider": "provider[\"registry.terraform.io/hashicorp/oci\"].home_region",
      "instances": [
        {
          "index_key": 0,
          "schema_version": 0,
          "attributes": {
            "ETag": "a7cdee2b19752fe043732ea36d933bb4a8530b8f",
            "compartment_id": "ocid1.compartment.oc1..aaaaaaaai5kbn7vkcpxadias6cbwr2abzq5dkdye5ewpylsjxzo2ajcayb4q",
            "defined_tags": {},
            "description": "DevOps OKE Cluster Compartment Policies",
            "freeform_tags": {},
            "id": "ocid1.policy.oc1..aaaaaaaavcvtcf7vgwfnw7a5kxd2aphnxzkhst4awzb7gqajui43lch6q2lq",
            "inactive_state": null,
            "lastUpdateETag": "a7cdee2b19752fe043732ea36d933bb4a8530b8f",
            "name": "devops-oke-cluster-compartment-policies-v4iy",
            "policyHash": "31e0a3b75f05914b8cb43ca97c0128bc",
            "state": "ACTIVE",
            "statements": [
              "Allow dynamic-group devops-oke-cluster-dg-v4iy to read log-groups in compartment id ocid1.compartment.oc1..aaaaaaaai5kbn7vkcpxadias6cbwr2abzq5dkdye5ewpylsjxzo2ajcayb4q",
              "Allow dynamic-group devops-oke-cluster-dg-v4iy to read log-content in compartment id ocid1.compartment.oc1..aaaaaaaai5kbn7vkcpxadias6cbwr2abzq5dkdye5ewpylsjxzo2ajcayb4q"
            ],
            "time_created": "2022-05-04 04:25:04.191 +0000 UTC",
            "timeouts": null,
            "version_date": null
          },
          "sensitive_attributes": [],
          "private": "eyJlMmJmYjczMC1lY2FhLTExZTYtOGY4OC0zNDM2M2JjN2M0YzAiOnsiY3JlYXRlIjoxMjAwMDAwMDAwMDAwLCJkZWxldGUiOjEyMDAwMDAwMDAwMDAsInVwZGF0ZSI6MTIwMDAwMDAwMDAwMH19",
          "dependencies": [
            "data.oci_identity_regions.home_region",
            "data.oci_identity_tenancy.tenant_details",
            "oci_identity_dynamic_group.oke_nodes_dg",
            "random_string.deploy_id"
          ]
        }
      ]
    },
    {
      "mode": "managed",
      "type": "oci_identity_policy",
      "name": "oke_tenancy_policies",
      "provider": "provider[\"registry.terraform.io/hashicorp/oci\"].home_region",
      "instances": [
        {
          "index_key": 0,
          "schema_version": 0,
          "attributes": {
            "ETag": "3b52c95b32002630b3459d52b05b7d1161403dd8",
            "compartment_id": "ocid1.tenancy.oc1..aaaaaaaasu7rvefmsyk5kqczfmdqi5clpddejfjk2attdqnk6sbk72wajq5q",
            "defined_tags": {},
            "description": "DevOps OKE Cluster Tenancy Policies",
            "freeform_tags": {},
            "id": "ocid1.policy.oc1..aaaaaaaak5urv5qfo7ndzja6p2ikc3fddgp66swkvezjzehzr2m6fw7znzrq",
            "inactive_state": null,
            "lastUpdateETag": "3b52c95b32002630b3459d52b05b7d1161403dd8",
            "name": "devops-oke-cluster-tenancy-policies-v4iy",
            "policyHash": "50a090e7f0da2a4d6a9f9d4e0ee5f071",
            "state": "ACTIVE",
            "statements": [
              "Allow dynamic-group devops-oke-cluster-dg-v4iy to read metrics in tenancy",
              "Allow dynamic-group devops-oke-cluster-dg-v4iy to read compartments in tenancy"
            ],
            "time_created": "2022-05-04 04:25:04.467 +0000 UTC",
            "timeouts": null,
            "version_date": null
          },
          "sensitive_attributes": [],
          "private": "eyJlMmJmYjczMC1lY2FhLTExZTYtOGY4OC0zNDM2M2JjN2M0YzAiOnsiY3JlYXRlIjoxMjAwMDAwMDAwMDAwLCJkZWxldGUiOjEyMDAwMDAwMDAwMDAsInVwZGF0ZSI6MTIwMDAwMDAwMDAwMH19",
          "dependencies": [
            "data.oci_identity_regions.home_region",
            "data.oci_identity_tenancy.tenant_details",
            "oci_identity_dynamic_group.oke_nodes_dg",
            "random_string.deploy_id"
          ]
        }
      ]
    },
    {
      "mode": "managed",
      "type": "oci_identity_tag",
      "name": "ArchitectureCenterTag",
      "provider": "provider[\"registry.terraform.io/hashicorp/oci\"].home_region",
      "instances": [
        {
          "schema_version": 0,
          "attributes": {
            "defined_tags": {},
            "description": "ArchitectureCenterTag",
            "freeform_tags": {},
            "id": "ocid1.tagdefinition.oc1..aaaaaaaaxfv6xnqwootvdvd7dtbbuvezfsws25awv4ntqe2iiptewd3b3xfa",
            "is_cost_tracking": false,
            "is_retired": false,
            "name": "release",
            "state": "ACTIVE",
            "tag_namespace_id": "ocid1.tagnamespace.oc1..aaaaaaaaigny6t74kavpwg2fashe4ljxbhyql64qbrnb33ykiqhr4lx7ktzq",
            "time_created": "2022-05-04 04:25:15.325 +0000 UTC",
            "timeouts": null,
            "validator": [
              {
                "validator_type": "ENUM",
                "values": [
                  "release",
                  "1.2.1"
                ]
              }
            ]
          },
          "sensitive_attributes": [],
          "private": "eyJlMmJmYjczMC1lY2FhLTExZTYtOGY4OC0zNDM2M2JjN2M0YzAiOnsiY3JlYXRlIjo5MDAwMDAwMDAwMDAsImRlbGV0ZSI6NDMyMDAwMDAwMDAwMDAsInVwZGF0ZSI6OTAwMDAwMDAwMDAwfX0=",
          "dependencies": [
            "data.oci_identity_regions.home_region",
            "data.oci_identity_tenancy.tenant_details",
            "oci_identity_tag_namespace.ArchitectureCenterTagNamespace",
            "random_id.tag"
          ]
        }
      ]
    },
    {
      "mode": "managed",
      "type": "oci_identity_tag_namespace",
      "name": "ArchitectureCenterTagNamespace",
      "provider": "provider[\"registry.terraform.io/hashicorp/oci\"].home_region",
      "instances": [
        {
          "schema_version": 0,
          "attributes": {
            "compartment_id": "ocid1.compartment.oc1..aaaaaaaai5kbn7vkcpxadias6cbwr2abzq5dkdye5ewpylsjxzo2ajcayb4q",
            "defined_tags": {},
            "description": "ArchitectureCenterTagNamespace",
            "freeform_tags": {},
            "id": "ocid1.tagnamespace.oc1..aaaaaaaaigny6t74kavpwg2fashe4ljxbhyql64qbrnb33ykiqhr4lx7ktzq",
            "is_retired": false,
            "name": "ArchitectureCenter\\devops_oke-4b2c",
            "state": "ACTIVE",
            "time_created": "2022-05-04 04:25:03.23 +0000 UTC",
            "timeouts": null
          },
          "sensitive_attributes": [],
          "private": "eyJlMmJmYjczMC1lY2FhLTExZTYtOGY4OC0zNDM2M2JjN2M0YzAiOnsiY3JlYXRlIjoxMjAwMDAwMDAwMDAwLCJkZWxldGUiOjEyMDAwMDAwMDAwMDAsInVwZGF0ZSI6MTIwMDAwMDAwMDAwMH19",
          "dependencies": [
            "data.oci_identity_regions.home_region",
            "data.oci_identity_tenancy.tenant_details",
            "random_id.tag"
          ]
        }
      ]
    },
    {
      "mode": "managed",
      "type": "oci_logging_log",
      "name": "test_log",
      "provider": "provider[\"registry.terraform.io/hashicorp/oci\"]",
      "instances": [
        {
          "schema_version": 0,
          "attributes": {
            "compartment_id": "ocid1.compartment.oc1..aaaaaaaai5kbn7vkcpxadias6cbwr2abzq5dkdye5ewpylsjxzo2ajcayb4q",
            "configuration": [
              {
                "compartment_id": "ocid1.compartment.oc1..aaaaaaaai5kbn7vkcpxadias6cbwr2abzq5dkdye5ewpylsjxzo2ajcayb4q",
                "source": [
                  {
                    "category": "all",
                    "resource": "ocid1.devopsproject.oc1.ap-hyderabad-1.amaaaaaak56z2vqa4u3r7d7r3fk5l6ay3h425pepjldpxn66bixooy2whyzq",
                    "service": "devops",
                    "source_type": "OCISERVICE"
                  }
                ]
              }
            ],
            "defined_tags": {
              "ArchitectureCenter\\devops_oke-4b2c.release": "1.2.1"
            },
            "display_name": "devops_v4iy_log",
            "freeform_tags": {},
            "id": "ocid1.log.oc1.ap-hyderabad-1.amaaaaaak56z2vqardlvoybzgv3hd24ouf36eprauctg3gvizdphdon2zioa",
            "is_enabled": true,
            "log_group_id": "ocid1.loggroup.oc1.ap-hyderabad-1.amaaaaaak56z2vqabhhfmrrdq7r5ppp25pq673bmg6jbdnovhi7l3pfoqkda",
            "log_type": "SERVICE",
            "retention_duration": 30,
            "state": "ACTIVE",
            "tenancy_id": "ocid1.tenancy.oc1..aaaaaaaasu7rvefmsyk5kqczfmdqi5clpddejfjk2attdqnk6sbk72wajq5q",
            "time_created": "2022-05-04 04:27:19.703 +0000 UTC",
            "time_last_modified": "2022-05-04 04:27:19.703 +0000 UTC",
            "timeouts": null
          },
          "sensitive_attributes": [],
          "private": "eyJlMmJmYjczMC1lY2FhLTExZTYtOGY4OC0zNDM2M2JjN2M0YzAiOnsiY3JlYXRlIjoxMjAwMDAwMDAwMDAwLCJkZWxldGUiOjEyMDAwMDAwMDAwMDAsInVwZGF0ZSI6MTIwMDAwMDAwMDAwMH19",
          "dependencies": [
            "data.oci_identity_regions.home_region",
            "data.oci_identity_tenancy.tenant_details",
            "oci_devops_project.test_project",
            "oci_identity_tag.ArchitectureCenterTag",
            "oci_identity_tag_namespace.ArchitectureCenterTagNamespace",
            "oci_logging_log_group.test_log_group",
            "oci_ons_notification_topic.test_notification_topic",
            "random_id.tag",
            "random_string.deploy_id"
          ]
        }
      ]
    },
    {
      "mode": "managed",
      "type": "oci_logging_log_group",
      "name": "test_log_group",
      "provider": "provider[\"registry.terraform.io/hashicorp/oci\"]",
      "instances": [
        {
          "schema_version": 0,
          "attributes": {
            "compartment_id": "ocid1.compartment.oc1..aaaaaaaai5kbn7vkcpxadias6cbwr2abzq5dkdye5ewpylsjxzo2ajcayb4q",
            "defined_tags": {
              "ArchitectureCenter\\devops_oke-4b2c.release": "1.2.1"
            },
            "description": null,
            "display_name": "devops_v4iy_log_group",
            "freeform_tags": {},
            "id": "ocid1.loggroup.oc1.ap-hyderabad-1.amaaaaaak56z2vqabhhfmrrdq7r5ppp25pq673bmg6jbdnovhi7l3pfoqkda",
            "state": "ACTIVE",
            "time_created": "2022-05-04 04:27:17.286 +0000 UTC",
            "time_last_modified": "2022-05-04 04:27:17.286 +0000 UTC",
            "timeouts": null
          },
          "sensitive_attributes": [],
          "private": "eyJlMmJmYjczMC1lY2FhLTExZTYtOGY4OC0zNDM2M2JjN2M0YzAiOnsiY3JlYXRlIjoxMjAwMDAwMDAwMDAwLCJkZWxldGUiOjEyMDAwMDAwMDAwMDAsInVwZGF0ZSI6MTIwMDAwMDAwMDAwMH19",
          "dependencies": [
            "data.oci_identity_regions.home_region",
            "data.oci_identity_tenancy.tenant_details",
            "oci_identity_tag.ArchitectureCenterTag",
            "oci_identity_tag_namespace.ArchitectureCenterTagNamespace",
            "random_id.tag",
            "random_string.deploy_id"
          ]
        }
      ]
    },
    {
      "mode": "managed",
      "type": "oci_ons_notification_topic",
      "name": "test_notification_topic",
      "provider": "provider[\"registry.terraform.io/hashicorp/oci\"]",
      "instances": [
        {
          "schema_version": 0,
          "attributes": {
            "api_endpoint": "https://cell1.notification.ap-hyderabad-1.oci.oraclecloud.com",
            "compartment_id": "ocid1.compartment.oc1..aaaaaaaai5kbn7vkcpxadias6cbwr2abzq5dkdye5ewpylsjxzo2ajcayb4q",
            "defined_tags": {
              "ArchitectureCenter\\devops_oke-4b2c.release": "1.2.1"
            },
            "description": null,
            "etag": "74231d26",
            "freeform_tags": {},
            "id": "ocid1.onstopic.oc1.ap-hyderabad-1.aaaaaaaahtndu6ek7ttuk7ojoxo2k6hy6fapnlfk3syjgolhaiipboklaqwq",
            "name": "devops_v4iy_topic",
            "short_topic_id": null,
            "state": "ACTIVE",
            "time_created": "2022-05-04 04:27:17.789 +0000 UTC",
            "timeouts": null,
            "topic_id": "ocid1.onstopic.oc1.ap-hyderabad-1.aaaaaaaahtndu6ek7ttuk7ojoxo2k6hy6fapnlfk3syjgolhaiipboklaqwq"
          },
          "sensitive_attributes": [],
          "private": "eyJlMmJmYjczMC1lY2FhLTExZTYtOGY4OC0zNDM2M2JjN2M0YzAiOnsiY3JlYXRlIjo5MDAwMDAwMDAwMDAsImRlbGV0ZSI6OTAwMDAwMDAwMDAwMCwidXBkYXRlIjo5MDAwMDAwMDAwMDB9fQ==",
          "dependencies": [
            "data.oci_identity_regions.home_region",
            "data.oci_identity_tenancy.tenant_details",
            "oci_identity_tag.ArchitectureCenterTag",
            "oci_identity_tag_namespace.ArchitectureCenterTagNamespace",
            "random_id.tag",
            "random_string.deploy_id"
          ]
        }
      ]
    },
    {
      "mode": "managed",
      "type": "random_id",
      "name": "tag",
      "provider": "provider[\"registry.terraform.io/hashicorp/random\"]",
      "instances": [
        {
          "schema_version": 0,
          "attributes": {
            "b64_std": "Syw=",
            "b64_url": "Syw",
            "byte_length": 2,
            "dec": "19244",
            "hex": "4b2c",
            "id": "Syw",
            "keepers": null,
            "prefix": null
          },
          "sensitive_attributes": [],
          "private": "bnVsbA=="
        }
      ]
    },
    {
      "mode": "managed",
      "type": "random_string",
      "name": "deploy_id",
      "provider": "provider[\"registry.terraform.io/hashicorp/random\"]",
      "instances": [
        {
          "schema_version": 1,
          "attributes": {
            "id": "v4iy",
            "keepers": null,
            "length": 4,
            "lower": true,
            "min_lower": 0,
            "min_numeric": 0,
            "min_special": 0,
            "min_upper": 0,
            "number": true,
            "override_special": null,
            "result": "v4iy",
            "special": false,
            "upper": true
          },
          "sensitive_attributes": [],
          "private": "eyJzY2hlbWFfdmVyc2lvbiI6IjEifQ=="
        }
      ]
    },
    {
      "mode": "managed",
      "type": "tls_private_key",
      "name": "oke_worker_node_ssh_key",
      "provider": "provider[\"registry.terraform.io/hashicorp/tls\"]",
      "instances": [
        {
          "schema_version": 0,
          "attributes": {
            "algorithm": "RSA",
            "ecdsa_curve": "P224",
            "id": "bf4d061f65437cbc8a3e4038d0dde59a7b03703c",
            "private_key_openssh": "-----BEGIN OPENSSH PRIVATE KEY-----\nb3BlbnNzaC1rZXktdjEAAAAABG5vbmUAAAAEbm9uZQAAAAAAAAABAAABFwAAAAdz\nc2gtcnNhAAAAAwEAAQAAAQEA5oL2G8N7gGQoJX5c8+CYLX/l27Akm1WfbLWVXFyJ\nEagbrIbcjHs2j1Nlxs0IKCKMRpaO4HEIzcqJpOb4NpWf4A+okzwuxrElwlUoyE3n\np1HdGEt8ZKejp5rbI3aZVG0GQcEcijsnZHSjm6cv72Ig0F1NifIXa7mT/uXtuD0+\nkJlo7ekJlAS55w0QI5/fXGEE5O0WepewSUclxt5yjpLw+XVSg5hFEVDCODnKCPBu\nxZ92w+OTyxovQKNoqiI7M4wSx6vVY8RP8dvzv65SMUJs12xbJKzAc6SoKdxqTq/N\noWt/hnwgHNpZ6jNbFF2mDDwO5agKNkQfwIyKtPrwE5jTDwAAA7hqMre7ajK3uwAA\nAAdzc2gtcnNhAAABAQDmgvYbw3uAZCglflzz4Jgtf+XbsCSbVZ9stZVcXIkRqBus\nhtyMezaPU2XGzQgoIoxGlo7gcQjNyomk5vg2lZ/gD6iTPC7GsSXCVSjITeenUd0Y\nS3xkp6OnmtsjdplUbQZBwRyKOydkdKObpy/vYiDQXU2J8hdruZP+5e24PT6QmWjt\n6QmUBLnnDRAjn99cYQTk7RZ6l7BJRyXG3nKOkvD5dVKDmEURUMI4OcoI8G7Fn3bD\n45PLGi9Ao2iqIjszjBLHq9VjxE/x2/O/rlIxQmzXbFskrMBzpKgp3GpOr82ha3+G\nfCAc2lnqM1sUXaYMPA7lqAo2RB/AjIq0+vATmNMPAAAAAwEAAQAAAQEAhSkUSReV\nKacyNe6Yfd25q1ceDtnjW8SLsz32iYN/Py7wxaqmj5TCAOv5eG2LD7xdco2Y/fju\nUAt3lkZDDy1CTSpehKeYkflVybxuMcAnWVYGNfmtY2wgMztW6lah3s6YdbW76fKg\nH/ztYoajP1Ndh2DO4Shz9SwgXXiv6eWfVeHgujymOP9kqTPDwkKjotrMOpRKcx3c\nyeUJOfsHmgenJ0ixQeIPeYxtq8rjDbHYPW6h8mSJud2WCDGR5tZWxPxVv8Xr4GAo\naGvqF57+9x4PeabVKOR+FkyBfzZX1FbsXXsQhCLAQLlzWFcR9Oqn+q/4jczUgcEp\nuFBkZEseIE3gAQAAAIEA3NQvYYPEfLoXtB/BH5J+cMbvfoSVkZdtk64xobAlGFOk\naf6ViJ8ewqNwqoHBOA7s9MSV8cBILovC5Hy8Iy8l1btOhjwZW+h6uWNLwxow8s93\nE4rUc5iHx3sIz8B56Cb39CoymECJxIoUHbMMg9R8lIuoJnEPO0FgYF2h76QvgmgA\nAACBAPUOU8QA857j6RmdnPjBy+hasW5Pwdm85AVeLJDkUo5fnzIv11sOewq2QqUC\nJ+4z4FdyQ3e+rpSOeSvfyinOZN/d4KdAqsGPHcrtaOxuUw/TzQadKEsIqtG7VUEg\n6khxthJg66UIR9wPWTFiHxEKWSaSmQkCSRK/fBM3ZDjrz7ABAAAAgQDwzlnkYzqO\n9/eGGXPcDUg9w/uyEiAGHQviIab6MmoxZQ+C2fSbTgjxmRLsdzweQXaHymBx9oC3\nOd27ePLyJx5Sf1zzFwQaH7djJWwGQw2cuh47jzVFEkvCg1QpffMQWdidj5HDTuAo\noQBFaCEpXlzl3Vne6MpLR0Ce1yPsC12DDwAAAAAB\n-----END OPENSSH PRIVATE KEY-----\n",
            "private_key_pem": "-----BEGIN RSA PRIVATE KEY-----\nMIIEpQIBAAKCAQEA5oL2G8N7gGQoJX5c8+CYLX/l27Akm1WfbLWVXFyJEagbrIbc\njHs2j1Nlxs0IKCKMRpaO4HEIzcqJpOb4NpWf4A+okzwuxrElwlUoyE3np1HdGEt8\nZKejp5rbI3aZVG0GQcEcijsnZHSjm6cv72Ig0F1NifIXa7mT/uXtuD0+kJlo7ekJ\nlAS55w0QI5/fXGEE5O0WepewSUclxt5yjpLw+XVSg5hFEVDCODnKCPBuxZ92w+OT\nyxovQKNoqiI7M4wSx6vVY8RP8dvzv65SMUJs12xbJKzAc6SoKdxqTq/NoWt/hnwg\nHNpZ6jNbFF2mDDwO5agKNkQfwIyKtPrwE5jTDwIDAQABAoIBAQCFKRRJF5UppzI1\n7ph93bmrVx4O2eNbxIuzPfaJg38/LvDFqqaPlMIA6/l4bYsPvF1yjZj9+O5QC3eW\nRkMPLUJNKl6Ep5iR+VXJvG4xwCdZVgY1+a1jbCAzO1bqVqHezph1tbvp8qAf/O1i\nhqM/U12HYM7hKHP1LCBdeK/p5Z9V4eC6PKY4/2SpM8PCQqOi2sw6lEpzHdzJ5Qk5\n+weaB6cnSLFB4g95jG2ryuMNsdg9bqHyZIm53ZYIMZHm1lbE/FW/xevgYChoa+oX\nnv73Hg95ptUo5H4WTIF/NlfUVuxdexCEIsBAuXNYVxH06qf6r/iNzNSBwSm4UGRk\nSx4gTeABAoGBAPUOU8QA857j6RmdnPjBy+hasW5Pwdm85AVeLJDkUo5fnzIv11sO\newq2QqUCJ+4z4FdyQ3e+rpSOeSvfyinOZN/d4KdAqsGPHcrtaOxuUw/TzQadKEsI\nqtG7VUEg6khxthJg66UIR9wPWTFiHxEKWSaSmQkCSRK/fBM3ZDjrz7ABAoGBAPDO\nWeRjOo7394YZc9wNSD3D+7ISIAYdC+IhpvoyajFlD4LZ9JtOCPGZEux3PB5BdofK\nYHH2gLc53bt48vInHlJ/XPMXBBoft2MlbAZDDZy6HjuPNUUSS8KDVCl98xBZ2J2P\nkcNO4CihAEVoISleXOXdWd7oyktHQJ7XI+wLXYMPAoGAeXP1XiJem/Q3FkQAhWV/\nSxSP9a0/1UuB84seKV2P8RJBU11UrcN6he+ZDjEIW02Ita5i89kkq2oFchJDHv81\nDaLo8dviBXaJ/IY3x15Senitl8aSLsYH61SeR14p32fEJk203KFDBDTzLr+DyC1J\nzA1CHa3tS4Zt1xRP7soosAECgYEA621DM2fUE3zY8bEmtcgCjehyxji0OGXjfVTb\nVBc//UTJsmt2mvPjCJlYh/lWvFnSEZZJToHqe7hGUQhBtX+LRKqibENfTk8d0v/+\nKe0afNT1w9MSCJKHoQcWnG432g+NGRYJM0KFIxOtGS5h5XkNJ+qN98HuLUTfJ6w8\nwYSnCv8CgYEA3NQvYYPEfLoXtB/BH5J+cMbvfoSVkZdtk64xobAlGFOkaf6ViJ8e\nwqNwqoHBOA7s9MSV8cBILovC5Hy8Iy8l1btOhjwZW+h6uWNLwxow8s93E4rUc5iH\nx3sIz8B56Cb39CoymECJxIoUHbMMg9R8lIuoJnEPO0FgYF2h76Qvgmg=\n-----END RSA PRIVATE KEY-----\n",
            "public_key_fingerprint_md5": "7d:45:24:78:6f:94:99:ae:18:8d:d3:20:33:3f:55:c5",
            "public_key_fingerprint_sha256": "SHA256:cahWLZH3n+n8SQTiFp+wDjwttliREuFWhhNkK3NVkac",
            "public_key_openssh": "ssh-rsa AAAAB3NzaC1yc2EAAAADAQABAAABAQDmgvYbw3uAZCglflzz4Jgtf+XbsCSbVZ9stZVcXIkRqBushtyMezaPU2XGzQgoIoxGlo7gcQjNyomk5vg2lZ/gD6iTPC7GsSXCVSjITeenUd0YS3xkp6OnmtsjdplUbQZBwRyKOydkdKObpy/vYiDQXU2J8hdruZP+5e24PT6QmWjt6QmUBLnnDRAjn99cYQTk7RZ6l7BJRyXG3nKOkvD5dVKDmEURUMI4OcoI8G7Fn3bD45PLGi9Ao2iqIjszjBLHq9VjxE/x2/O/rlIxQmzXbFskrMBzpKgp3GpOr82ha3+GfCAc2lnqM1sUXaYMPA7lqAo2RB/AjIq0+vATmNMP\n",
            "public_key_pem": "-----BEGIN PUBLIC KEY-----\nMIIBIjANBgkqhkiG9w0BAQEFAAOCAQ8AMIIBCgKCAQEA5oL2G8N7gGQoJX5c8+CY\nLX/l27Akm1WfbLWVXFyJEagbrIbcjHs2j1Nlxs0IKCKMRpaO4HEIzcqJpOb4NpWf\n4A+okzwuxrElwlUoyE3np1HdGEt8ZKejp5rbI3aZVG0GQcEcijsnZHSjm6cv72Ig\n0F1NifIXa7mT/uXtuD0+kJlo7ekJlAS55w0QI5/fXGEE5O0WepewSUclxt5yjpLw\n+XVSg5hFEVDCODnKCPBuxZ92w+OTyxovQKNoqiI7M4wSx6vVY8RP8dvzv65SMUJs\n12xbJKzAc6SoKdxqTq/NoWt/hnwgHNpZ6jNbFF2mDDwO5agKNkQfwIyKtPrwE5jT\nDwIDAQAB\n-----END PUBLIC KEY-----\n",
            "rsa_bits": 2048
          },
          "sensitive_attributes": [],
          "private": "bnVsbA=="
        }
      ]
    },
    {
      "mode": "managed",
      "type": "tls_private_key",
      "name": "public_private_key_pair",
      "provider": "provider[\"registry.terraform.io/hashicorp/tls\"]",
      "instances": [
        {
          "schema_version": 0,
          "attributes": {
            "algorithm": "RSA",
            "ecdsa_curve": "P224",
            "id": "41a5cdfc7de6c8c0b016f7cd42e6a1324a099ec3",
            "private_key_openssh": "-----BEGIN OPENSSH PRIVATE KEY-----\nb3BlbnNzaC1rZXktdjEAAAAABG5vbmUAAAAEbm9uZQAAAAAAAAABAAABFwAAAAdz\nc2gtcnNhAAAAAwEAAQAAAQEAqrlsqyAy2QB7w9w9WbPXD6SmGypstrApYGkcA8OW\nk0fk9aeqofOzkjpb+4oTzUsbuZeJegj/yGG2n+978tr+R9MykibmCFzp2BBa2LAl\nYYE8w96ibx2pYKu6KKwpNyz2Ing2seajmJOQmHndlyz7oYn9PwoK1wBAnVAhBIyD\n1nnEmZTD6fnnkQANZrcn0r/ZScHq7c558aJTHRU1ANWoqCX1f1lDGMTdDEJdvDZw\nQ2lGe7r2YvKCiJm+tJMbhIhgZePZk3TtOxzKEqJGGx/q1YuyNVbtqQakVQI/GF9S\nsBi2+OgSTvAWJULJAs7Kkexst6ZnNAMxSo1fw2PW2DX+4wAAA7jQnPxR0Jz8UQAA\nAAdzc2gtcnNhAAABAQCquWyrIDLZAHvD3D1Zs9cPpKYbKmy2sClgaRwDw5aTR+T1\np6qh87OSOlv7ihPNSxu5l4l6CP/IYbaf73vy2v5H0zKSJuYIXOnYEFrYsCVhgTzD\n3qJvHalgq7oorCk3LPYieDax5qOYk5CYed2XLPuhif0/CgrXAECdUCEEjIPWecSZ\nlMPp+eeRAA1mtyfSv9lJwertznnxolMdFTUA1aioJfV/WUMYxN0MQl28NnBDaUZ7\nuvZi8oKImb60kxuEiGBl49mTdO07HMoSokYbH+rVi7I1Vu2pBqRVAj8YX1KwGLb4\n6BJO8BYlQskCzsqR7Gy3pmc0AzFKjV/DY9bYNf7jAAAAAwEAAQAAAQAB1NFcmJDT\nERVCyZcC4lH5QfviKLdX0lXvSdFaHPv9gnTrSawj5phThjq8XQPPXPHkMMLxwyzz\nOlEaMBh1R3IY1SQiuzYWeuCrR6mhz2nnPNqpAzdc18WcWts5WndqtxnAzudPSzkQ\nBu0zJYOB/qKIXhGQXow1ODR5O4XPJa64WzuLIZ8FUnKhHOc5J69MfwNowpPCV7wY\nGL7KmiITJIB4JLjH+Z6X4Iy7WT5VxpbTXEmR7R+vPyLyVM+vNZsC1ttKAzFKfwwV\nFwE+loBiMEDFb0ewg1AhFriitgdcOEGvmKZqTO72/e4u/LvM5c9mO6XiaxYwl913\nHzJsEQWhemEBAAAAgFpTHHYlB3KkqdrpU4fpy6oZqOmI/YsgcOfSbBzRp40il4XE\nMFdgux2YnqdDDHGvRNsTTF48JVktErJTBhcMFdi3OwTgKVBM2olfLWNr8dQ+Vpzu\n68Ib7k1qYY7Pqj91pvce4RxXEETqWLqHhr7SVXw+j2qc2pw/aYc1kodSrxd2AAAA\ngQDMG2gNI0YUGIuZksfCTKNdq1e8obPydfc3GQJPxNadkoIiN10fv+7PgUk1NS//\nVM5lRoncy34lw7VwZsSkpPpjO4DVO70XlJTb3EzFl5+CWw9nNyVW0a8brh7hx+yt\n59bbfT9/p0QnvGvMuprBGRWJKuFh0WpsTjd5RKC+O1GHgQAAAIEA1iFBalMYWaOY\nYZlXA91k++Im/M0yxLjnmYW9b+BiPAKiZWrMOhubM9DmVmdfE1znA1xEirVhWyRj\nY8gOeZ/gPasfLINLGydo2w92SUZ0xRZTGS3lnIV2ORvnWCAnqZHgQo53rf5g2gwC\nwuFKJGdXwajR6LvLXZIgK/Pbmsw6mGMAAAAAAQID\n-----END OPENSSH PRIVATE KEY-----\n",
            "private_key_pem": "-----BEGIN RSA PRIVATE KEY-----\nMIIEogIBAAKCAQEAqrlsqyAy2QB7w9w9WbPXD6SmGypstrApYGkcA8OWk0fk9aeq\nofOzkjpb+4oTzUsbuZeJegj/yGG2n+978tr+R9MykibmCFzp2BBa2LAlYYE8w96i\nbx2pYKu6KKwpNyz2Ing2seajmJOQmHndlyz7oYn9PwoK1wBAnVAhBIyD1nnEmZTD\n6fnnkQANZrcn0r/ZScHq7c558aJTHRU1ANWoqCX1f1lDGMTdDEJdvDZwQ2lGe7r2\nYvKCiJm+tJMbhIhgZePZk3TtOxzKEqJGGx/q1YuyNVbtqQakVQI/GF9SsBi2+OgS\nTvAWJULJAs7Kkexst6ZnNAMxSo1fw2PW2DX+4wIDAQABAoIBAAHU0VyYkNMRFULJ\nlwLiUflB++Iot1fSVe9J0Voc+/2CdOtJrCPmmFOGOrxdA89c8eQwwvHDLPM6URow\nGHVHchjVJCK7NhZ64KtHqaHPaec82qkDN1zXxZxa2zlad2q3GcDO509LORAG7TMl\ng4H+ooheEZBejDU4NHk7hc8lrrhbO4shnwVScqEc5zknr0x/A2jCk8JXvBgYvsqa\nIhMkgHgkuMf5npfgjLtZPlXGltNcSZHtH68/IvJUz681mwLW20oDMUp/DBUXAT6W\ngGIwQMVvR7CDUCEWuKK2B1w4Qa+YpmpM7vb97i78u8zlz2Y7peJrFjCX3XcfMmwR\nBaF6YQECgYEAzBtoDSNGFBiLmZLHwkyjXatXvKGz8nX3NxkCT8TWnZKCIjddH7/u\nz4FJNTUv/1TOZUaJ3Mt+JcO1cGbEpKT6YzuA1Tu9F5SU29xMxZefglsPZzclVtGv\nG64e4cfsrefW230/f6dEJ7xrzLqawRkViSrhYdFqbE43eUSgvjtRh4ECgYEA1iFB\nalMYWaOYYZlXA91k++Im/M0yxLjnmYW9b+BiPAKiZWrMOhubM9DmVmdfE1znA1xE\nirVhWyRjY8gOeZ/gPasfLINLGydo2w92SUZ0xRZTGS3lnIV2ORvnWCAnqZHgQo53\nrf5g2gwCwuFKJGdXwajR6LvLXZIgK/Pbmsw6mGMCgYA2U8UqWg05JB9kTTFmgkep\nkwXTa6ceDlAzFjELUnVdk7WXrezXmprSGLOHuhSAfe5B/riLUI7PNnyA4pnMySzs\nZNYx66i1MhM9QjIdFfKbG+nJq2AA7+cQExSdPD2/PEpwObJBJCB8AyceYzz10Ntu\nmz9KbhdJpLgXSzEN8XQOAQKBgGxzsXcRmQ6ljiM4j9rUQjZVB5wYrfL3F84o75Z/\nViHAz9F/8uonW0c2McNnXb8n2ZVZIRoD3chUuMYr6DDvqZpyVjqsUNjy7+ergCSC\nu9eqg/IHzfilnAg2ushmmNAIo0XydGk6ooEtfiSICI5BjS/3ukEfBFRjE0pPm1Ve\nxPqzAoGAWlMcdiUHcqSp2ulTh+nLqhmo6Yj9iyBw59JsHNGnjSKXhcQwV2C7HZie\np0MMca9E2xNMXjwlWS0SslMGFwwV2Lc7BOApUEzaiV8tY2vx1D5WnO7rwhvuTWph\njs+qP3Wm9x7hHFcQROpYuoeGvtJVfD6PapzanD9phzWSh1KvF3Y=\n-----END RSA PRIVATE KEY-----\n",
            "public_key_fingerprint_md5": "6e:53:88:db:d5:9c:95:ce:00:c7:00:70:e2:2f:d9:31",
            "public_key_fingerprint_sha256": "SHA256:Z9ra4L56rZRPDTZv3fjiyVRtQKGV6WauRqwAmY/iDq4",
            "public_key_openssh": "ssh-rsa AAAAB3NzaC1yc2EAAAADAQABAAABAQCquWyrIDLZAHvD3D1Zs9cPpKYbKmy2sClgaRwDw5aTR+T1p6qh87OSOlv7ihPNSxu5l4l6CP/IYbaf73vy2v5H0zKSJuYIXOnYEFrYsCVhgTzD3qJvHalgq7oorCk3LPYieDax5qOYk5CYed2XLPuhif0/CgrXAECdUCEEjIPWecSZlMPp+eeRAA1mtyfSv9lJwertznnxolMdFTUA1aioJfV/WUMYxN0MQl28NnBDaUZ7uvZi8oKImb60kxuEiGBl49mTdO07HMoSokYbH+rVi7I1Vu2pBqRVAj8YX1KwGLb46BJO8BYlQskCzsqR7Gy3pmc0AzFKjV/DY9bYNf7j\n",
            "public_key_pem": "-----BEGIN PUBLIC KEY-----\nMIIBIjANBgkqhkiG9w0BAQEFAAOCAQ8AMIIBCgKCAQEAqrlsqyAy2QB7w9w9WbPX\nD6SmGypstrApYGkcA8OWk0fk9aeqofOzkjpb+4oTzUsbuZeJegj/yGG2n+978tr+\nR9MykibmCFzp2BBa2LAlYYE8w96ibx2pYKu6KKwpNyz2Ing2seajmJOQmHndlyz7\noYn9PwoK1wBAnVAhBIyD1nnEmZTD6fnnkQANZrcn0r/ZScHq7c558aJTHRU1ANWo\nqCX1f1lDGMTdDEJdvDZwQ2lGe7r2YvKCiJm+tJMbhIhgZePZk3TtOxzKEqJGGx/q\n1YuyNVbtqQakVQI/GF9SsBi2+OgSTvAWJULJAs7Kkexst6ZnNAMxSo1fw2PW2DX+\n4wIDAQAB\n-----END PUBLIC KEY-----\n",
            "rsa_bits": 2048
          },
          "sensitive_attributes": [],
          "private": "bnVsbA=="
        }
      ]
    }
  ]
}
